// !$*UTF8*$!
{
	archiveVersion = 1;
	classes = {
	};
	objectVersion = 51;
	objects = {

/* Begin PBXBuildFile section */
		A5039CC22320958F00B69CED /* STBaseNav.m in Sources */ = {isa = PBXBuildFile; fileRef = A5039CC12320958F00B69CED /* STBaseNav.m */; };
		A5039CC5232095FA00B69CED /* STBaseTableViewController.m in Sources */ = {isa = PBXBuildFile; fileRef = A5039CC4232095FA00B69CED /* STBaseTableViewController.m */; };
		A51FB85C231F3DD900D818A8 /* AppDelegate.m in Sources */ = {isa = PBXBuildFile; fileRef = A51FB85B231F3DD900D818A8 /* AppDelegate.m */; };
		A51FB862231F3DD900D818A8 /* Main.storyboard in Resources */ = {isa = PBXBuildFile; fileRef = A51FB860231F3DD900D818A8 /* Main.storyboard */; };
		A51FB864231F3DDA00D818A8 /* Assets.xcassets in Resources */ = {isa = PBXBuildFile; fileRef = A51FB863231F3DDA00D818A8 /* Assets.xcassets */; };
		A51FB867231F3DDA00D818A8 /* LaunchScreen.storyboard in Resources */ = {isa = PBXBuildFile; fileRef = A51FB865231F3DDA00D818A8 /* LaunchScreen.storyboard */; };
		A51FB86A231F3DDA00D818A8 /* main.m in Sources */ = {isa = PBXBuildFile; fileRef = A51FB869231F3DDA00D818A8 /* main.m */; };
		A51FB877231F438B00D818A8 /* STBaseViewController.m in Sources */ = {isa = PBXBuildFile; fileRef = A51FB876231F438B00D818A8 /* STBaseViewController.m */; };
		A51FB87E231F46A900D818A8 /* STTabBarViewController.m in Sources */ = {isa = PBXBuildFile; fileRef = A51FB87D231F46A900D818A8 /* STTabBarViewController.m */; };
		A51FD1AB2322641400C125C9 /* STKWWebViewController.m in Sources */ = {isa = PBXBuildFile; fileRef = A51FD1AA2322641300C125C9 /* STKWWebViewController.m */; };
		A52232282320E0F800DE413E /* NSObject+EverGesturePath.m in Sources */ = {isa = PBXBuildFile; fileRef = A52232222320E0F800DE413E /* NSObject+EverGesturePath.m */; };
		A52232292320E0F800DE413E /* UIViewController+EverPath.m in Sources */ = {isa = PBXBuildFile; fileRef = A52232232320E0F800DE413E /* UIViewController+EverPath.m */; };
		A522322A2320E0F800DE413E /* UIControl+EverPath.m in Sources */ = {isa = PBXBuildFile; fileRef = A52232272320E0F800DE413E /* UIControl+EverPath.m */; };
		A558B074CADECEFF2AEBCCE7 /* libPods-StudyOC.a in Frameworks */ = {isa = PBXBuildFile; fileRef = 3307BE2BB098774673DD9F24 /* libPods-StudyOC.a */; };
		A59FEC372320A9AE00C60BB5 /* STHomeViewController.m in Sources */ = {isa = PBXBuildFile; fileRef = A59FEC362320A9AE00C60BB5 /* STHomeViewController.m */; };
		A5A17DD023288EDB000B707B /* STChildrenViewController.m in Sources */ = {isa = PBXBuildFile; fileRef = A5A17DCF23288EDB000B707B /* STChildrenViewController.m */; };
		A5A17DD32328A152000B707B /* STBaseModel.m in Sources */ = {isa = PBXBuildFile; fileRef = A5A17DD22328A152000B707B /* STBaseModel.m */; };
		A5A17DD72328A1EB000B707B /* STChildrenModel.m in Sources */ = {isa = PBXBuildFile; fileRef = A5A17DD62328A1EB000B707B /* STChildrenModel.m */; };
		A5EEFE5A2323449B0039F25C /* STTwoViewController.m in Sources */ = {isa = PBXBuildFile; fileRef = A5EEFE592323449B0039F25C /* STTwoViewController.m */; };
		A5EEFE5D232344AF0039F25C /* STThreeViewController.m in Sources */ = {isa = PBXBuildFile; fileRef = A5EEFE5C232344AF0039F25C /* STThreeViewController.m */; };
		A5FA18242326335C00FEB9D3 /* STHttpResquest.m in Sources */ = {isa = PBXBuildFile; fileRef = A5FA18232326335C00FEB9D3 /* STHttpResquest.m */; };
		A5FA18282326353800FEB9D3 /* MBManager.m in Sources */ = {isa = PBXBuildFile; fileRef = A5FA18262326353800FEB9D3 /* MBManager.m */; };
		A5FA18302326432500FEB9D3 /* FSSegmentTitleView.m in Sources */ = {isa = PBXBuildFile; fileRef = A5FA182B2326432400FEB9D3 /* FSSegmentTitleView.m */; };
		A5FA18312326432500FEB9D3 /* FSPageContentView.m in Sources */ = {isa = PBXBuildFile; fileRef = A5FA182E2326432400FEB9D3 /* FSPageContentView.m */; };
/* End PBXBuildFile section */

/* Begin PBXFileReference section */
		3307BE2BB098774673DD9F24 /* libPods-StudyOC.a */ = {isa = PBXFileReference; explicitFileType = archive.ar; includeInIndex = 0; path = "libPods-StudyOC.a"; sourceTree = BUILT_PRODUCTS_DIR; };
		8EF50E17A6D7C96A811DE969 /* Pods-StudyOC.debug.xcconfig */ = {isa = PBXFileReference; includeInIndex = 1; lastKnownFileType = text.xcconfig; name = "Pods-StudyOC.debug.xcconfig"; path = "Target Support Files/Pods-StudyOC/Pods-StudyOC.debug.xcconfig"; sourceTree = "<group>"; };
		A5039CBE2320948B00B69CED /* STheader.h */ = {isa = PBXFileReference; lastKnownFileType = sourcecode.c.h; path = STheader.h; sourceTree = "<group>"; };
		A5039CC02320958F00B69CED /* STBaseNav.h */ = {isa = PBXFileReference; lastKnownFileType = sourcecode.c.h; path = STBaseNav.h; sourceTree = "<group>"; };
		A5039CC12320958F00B69CED /* STBaseNav.m */ = {isa = PBXFileReference; lastKnownFileType = sourcecode.c.objc; path = STBaseNav.m; sourceTree = "<group>"; };
		A5039CC3232095FA00B69CED /* STBaseTableViewController.h */ = {isa = PBXFileReference; lastKnownFileType = sourcecode.c.h; path = STBaseTableViewController.h; sourceTree = "<group>"; };
		A5039CC4232095FA00B69CED /* STBaseTableViewController.m */ = {isa = PBXFileReference; lastKnownFileType = sourcecode.c.objc; path = STBaseTableViewController.m; sourceTree = "<group>"; };
		A5039CC623209E4500B69CED /* STDefineMacros.h */ = {isa = PBXFileReference; lastKnownFileType = sourcecode.c.h; path = STDefineMacros.h; sourceTree = "<group>"; };
		A51FB857231F3DD900D818A8 /* StudyOC.app */ = {isa = PBXFileReference; explicitFileType = wrapper.application; includeInIndex = 0; path = StudyOC.app; sourceTree = BUILT_PRODUCTS_DIR; };
		A51FB85A231F3DD900D818A8 /* AppDelegate.h */ = {isa = PBXFileReference; lastKnownFileType = sourcecode.c.h; path = AppDelegate.h; sourceTree = "<group>"; };
		A51FB85B231F3DD900D818A8 /* AppDelegate.m */ = {isa = PBXFileReference; lastKnownFileType = sourcecode.c.objc; path = AppDelegate.m; sourceTree = "<group>"; };
		A51FB861231F3DD900D818A8 /* Base */ = {isa = PBXFileReference; lastKnownFileType = file.storyboard; name = Base; path = Base.lproj/Main.storyboard; sourceTree = "<group>"; };
		A51FB863231F3DDA00D818A8 /* Assets.xcassets */ = {isa = PBXFileReference; lastKnownFileType = folder.assetcatalog; path = Assets.xcassets; sourceTree = "<group>"; };
		A51FB866231F3DDA00D818A8 /* Base */ = {isa = PBXFileReference; lastKnownFileType = file.storyboard; name = Base; path = Base.lproj/LaunchScreen.storyboard; sourceTree = "<group>"; };
		A51FB868231F3DDA00D818A8 /* Info.plist */ = {isa = PBXFileReference; lastKnownFileType = text.plist.xml; path = Info.plist; sourceTree = "<group>"; };
		A51FB869231F3DDA00D818A8 /* main.m */ = {isa = PBXFileReference; lastKnownFileType = sourcecode.c.objc; path = main.m; sourceTree = "<group>"; };
		A51FB875231F438B00D818A8 /* STBaseViewController.h */ = {isa = PBXFileReference; lastKnownFileType = sourcecode.c.h; path = STBaseViewController.h; sourceTree = "<group>"; };
		A51FB876231F438B00D818A8 /* STBaseViewController.m */ = {isa = PBXFileReference; lastKnownFileType = sourcecode.c.objc; path = STBaseViewController.m; sourceTree = "<group>"; };
		A51FB87C231F46A900D818A8 /* STTabBarViewController.h */ = {isa = PBXFileReference; lastKnownFileType = sourcecode.c.h; path = STTabBarViewController.h; sourceTree = "<group>"; };
		A51FB87D231F46A900D818A8 /* STTabBarViewController.m */ = {isa = PBXFileReference; lastKnownFileType = sourcecode.c.objc; path = STTabBarViewController.m; sourceTree = "<group>"; };
		A51FD1A92322641300C125C9 /* STKWWebViewController.h */ = {isa = PBXFileReference; lastKnownFileType = sourcecode.c.h; path = STKWWebViewController.h; sourceTree = "<group>"; };
		A51FD1AA2322641300C125C9 /* STKWWebViewController.m */ = {isa = PBXFileReference; lastKnownFileType = sourcecode.c.objc; path = STKWWebViewController.m; sourceTree = "<group>"; };
		A52232172320B64700DE413E /* StudyOC.entitlements */ = {isa = PBXFileReference; lastKnownFileType = text.plist.entitlements; path = StudyOC.entitlements; sourceTree = "<group>"; };
		A52232222320E0F800DE413E /* NSObject+EverGesturePath.m */ = {isa = PBXFileReference; fileEncoding = 4; lastKnownFileType = sourcecode.c.objc; path = "NSObject+EverGesturePath.m"; sourceTree = "<group>"; };
		A52232232320E0F800DE413E /* UIViewController+EverPath.m */ = {isa = PBXFileReference; fileEncoding = 4; lastKnownFileType = sourcecode.c.objc; path = "UIViewController+EverPath.m"; sourceTree = "<group>"; };
		A52232242320E0F800DE413E /* UIControl+EverPath.h */ = {isa = PBXFileReference; fileEncoding = 4; lastKnownFileType = sourcecode.c.h; path = "UIControl+EverPath.h"; sourceTree = "<group>"; };
		A52232252320E0F800DE413E /* NSObject+EverGesturePath.h */ = {isa = PBXFileReference; fileEncoding = 4; lastKnownFileType = sourcecode.c.h; path = "NSObject+EverGesturePath.h"; sourceTree = "<group>"; };
		A52232262320E0F800DE413E /* UIViewController+EverPath.h */ = {isa = PBXFileReference; fileEncoding = 4; lastKnownFileType = sourcecode.c.h; path = "UIViewController+EverPath.h"; sourceTree = "<group>"; };
		A52232272320E0F800DE413E /* UIControl+EverPath.m */ = {isa = PBXFileReference; fileEncoding = 4; lastKnownFileType = sourcecode.c.objc; path = "UIControl+EverPath.m"; sourceTree = "<group>"; };
		A5860789231FABDF00D8094B /* STPrefixHeader.pch */ = {isa = PBXFileReference; lastKnownFileType = sourcecode.c.h; path = STPrefixHeader.pch; sourceTree = "<group>"; };
		A59FEC352320A9AE00C60BB5 /* STHomeViewController.h */ = {isa = PBXFileReference; lastKnownFileType = sourcecode.c.h; path = STHomeViewController.h; sourceTree = "<group>"; };
		A59FEC362320A9AE00C60BB5 /* STHomeViewController.m */ = {isa = PBXFileReference; lastKnownFileType = sourcecode.c.objc; path = STHomeViewController.m; sourceTree = "<group>"; };
		A5A17DCE23288EDB000B707B /* STChildrenViewController.h */ = {isa = PBXFileReference; lastKnownFileType = sourcecode.c.h; path = STChildrenViewController.h; sourceTree = "<group>"; };
		A5A17DCF23288EDB000B707B /* STChildrenViewController.m */ = {isa = PBXFileReference; lastKnownFileType = sourcecode.c.objc; path = STChildrenViewController.m; sourceTree = "<group>"; };
		A5A17DD12328A152000B707B /* STBaseModel.h */ = {isa = PBXFileReference; lastKnownFileType = sourcecode.c.h; path = STBaseModel.h; sourceTree = "<group>"; };
		A5A17DD22328A152000B707B /* STBaseModel.m */ = {isa = PBXFileReference; lastKnownFileType = sourcecode.c.objc; path = STBaseModel.m; sourceTree = "<group>"; };
		A5A17DD52328A1EB000B707B /* STChildrenModel.h */ = {isa = PBXFileReference; lastKnownFileType = sourcecode.c.h; path = STChildrenModel.h; sourceTree = "<group>"; };
		A5A17DD62328A1EB000B707B /* STChildrenModel.m */ = {isa = PBXFileReference; lastKnownFileType = sourcecode.c.objc; path = STChildrenModel.m; sourceTree = "<group>"; };
		A5EEFE582323449B0039F25C /* STTwoViewController.h */ = {isa = PBXFileReference; lastKnownFileType = sourcecode.c.h; path = STTwoViewController.h; sourceTree = "<group>"; };
		A5EEFE592323449B0039F25C /* STTwoViewController.m */ = {isa = PBXFileReference; lastKnownFileType = sourcecode.c.objc; path = STTwoViewController.m; sourceTree = "<group>"; };
		A5EEFE5B232344AF0039F25C /* STThreeViewController.h */ = {isa = PBXFileReference; lastKnownFileType = sourcecode.c.h; path = STThreeViewController.h; sourceTree = "<group>"; };
		A5EEFE5C232344AF0039F25C /* STThreeViewController.m */ = {isa = PBXFileReference; lastKnownFileType = sourcecode.c.objc; path = STThreeViewController.m; sourceTree = "<group>"; };
		A5FA18222326335C00FEB9D3 /* STHttpResquest.h */ = {isa = PBXFileReference; lastKnownFileType = sourcecode.c.h; path = STHttpResquest.h; sourceTree = "<group>"; };
		A5FA18232326335C00FEB9D3 /* STHttpResquest.m */ = {isa = PBXFileReference; lastKnownFileType = sourcecode.c.objc; path = STHttpResquest.m; sourceTree = "<group>"; };
		A5FA18262326353800FEB9D3 /* MBManager.m */ = {isa = PBXFileReference; fileEncoding = 4; lastKnownFileType = sourcecode.c.objc; path = MBManager.m; sourceTree = "<group>"; };
		A5FA18272326353800FEB9D3 /* MBManager.h */ = {isa = PBXFileReference; fileEncoding = 4; lastKnownFileType = sourcecode.c.h; path = MBManager.h; sourceTree = "<group>"; };
		A5FA182B2326432400FEB9D3 /* FSSegmentTitleView.m */ = {isa = PBXFileReference; fileEncoding = 4; lastKnownFileType = sourcecode.c.objc; path = FSSegmentTitleView.m; sourceTree = "<group>"; };
		A5FA182C2326432400FEB9D3 /* FSPageContentView.h */ = {isa = PBXFileReference; fileEncoding = 4; lastKnownFileType = sourcecode.c.h; path = FSPageContentView.h; sourceTree = "<group>"; };
		A5FA182D2326432400FEB9D3 /* FSScrollContentView.h */ = {isa = PBXFileReference; fileEncoding = 4; lastKnownFileType = sourcecode.c.h; path = FSScrollContentView.h; sourceTree = "<group>"; };
		A5FA182E2326432400FEB9D3 /* FSPageContentView.m */ = {isa = PBXFileReference; fileEncoding = 4; lastKnownFileType = sourcecode.c.objc; path = FSPageContentView.m; sourceTree = "<group>"; };
		A5FA182F2326432400FEB9D3 /* FSSegmentTitleView.h */ = {isa = PBXFileReference; fileEncoding = 4; lastKnownFileType = sourcecode.c.h; path = FSSegmentTitleView.h; sourceTree = "<group>"; };
		A6BBE460DEA79AF3415BF643 /* Pods-StudyOC.release.xcconfig */ = {isa = PBXFileReference; includeInIndex = 1; lastKnownFileType = text.xcconfig; name = "Pods-StudyOC.release.xcconfig"; path = "Target Support Files/Pods-StudyOC/Pods-StudyOC.release.xcconfig"; sourceTree = "<group>"; };
/* End PBXFileReference section */

/* Begin PBXFrameworksBuildPhase section */
		A51FB854231F3DD900D818A8 /* Frameworks */ = {
			isa = PBXFrameworksBuildPhase;
			buildActionMask = 2147483647;
			files = (
				A558B074CADECEFF2AEBCCE7 /* libPods-StudyOC.a in Frameworks */,
			);
			runOnlyForDeploymentPostprocessing = 0;
		};
/* End PBXFrameworksBuildPhase section */

/* Begin PBXGroup section */
		56F86B2ED6CA1952188DA278 /* Frameworks */ = {
			isa = PBXGroup;
			children = (
				3307BE2BB098774673DD9F24 /* libPods-StudyOC.a */,
			);
			name = Frameworks;
			sourceTree = "<group>";
		};
		67B23AE23695D8E2465FF48A /* Pods */ = {
			isa = PBXGroup;
			children = (
				8EF50E17A6D7C96A811DE969 /* Pods-StudyOC.debug.xcconfig */,
				A6BBE460DEA79AF3415BF643 /* Pods-StudyOC.release.xcconfig */,
			);
			path = Pods;
			sourceTree = "<group>";
		};
		A5039CBF232094A400B69CED /* Global */ = {
			isa = PBXGroup;
			children = (
				A5FA18212326331200FEB9D3 /* HttpResquest */,
				A5039CBE2320948B00B69CED /* STheader.h */,
				A5860789231FABDF00D8094B /* STPrefixHeader.pch */,
				A5039CC623209E4500B69CED /* STDefineMacros.h */,
			);
			path = Global;
			sourceTree = "<group>";
		};
		A51FB84E231F3DD900D818A8 = {
			isa = PBXGroup;
			children = (
				A51FB859231F3DD900D818A8 /* StudyOC */,
				A51FB858231F3DD900D818A8 /* Products */,
				67B23AE23695D8E2465FF48A /* Pods */,
				56F86B2ED6CA1952188DA278 /* Frameworks */,
			);
			sourceTree = "<group>";
		};
		A51FB858231F3DD900D818A8 /* Products */ = {
			isa = PBXGroup;
			children = (
				A51FB857231F3DD900D818A8 /* StudyOC.app */,
			);
			name = Products;
			sourceTree = "<group>";
		};
		A51FB859231F3DD900D818A8 /* StudyOC */ = {
			isa = PBXGroup;
			children = (
				A52232172320B64700DE413E /* StudyOC.entitlements */,
				A51FB870231F3EA100D818A8 /* Classes */,
				A51FB860231F3DD900D818A8 /* Main.storyboard */,
				A51FB863231F3DDA00D818A8 /* Assets.xcassets */,
				A51FB865231F3DDA00D818A8 /* LaunchScreen.storyboard */,
				A51FB868231F3DDA00D818A8 /* Info.plist */,
				A51FB869231F3DDA00D818A8 /* main.m */,
			);
			path = StudyOC;
			sourceTree = "<group>";
		};
		A51FB870231F3EA100D818A8 /* Classes */ = {
			isa = PBXGroup;
			children = (
				A5FA18292326430000FEB9D3 /* Third */,
				A52232202320E0EE00DE413E /* Tools */,
				A522321F2320DF4700DE413E /* Home */,
				A5039CBF232094A400B69CED /* Global */,
				A51FB878231F463000D818A8 /* Tabbar */,
				A51FB871231F42E800D818A8 /* Base */,
				A51FB85A231F3DD900D818A8 /* AppDelegate.h */,
				A51FB85B231F3DD900D818A8 /* AppDelegate.m */,
			);
			path = Classes;
			sourceTree = "<group>";
		};
		A51FB871231F42E800D818A8 /* Base */ = {
			isa = PBXGroup;
			children = (
				A51FD1A92322641300C125C9 /* STKWWebViewController.h */,
				A51FD1AA2322641300C125C9 /* STKWWebViewController.m */,
				A5039CC3232095FA00B69CED /* STBaseTableViewController.h */,
				A5039CC4232095FA00B69CED /* STBaseTableViewController.m */,
				A51FB875231F438B00D818A8 /* STBaseViewController.h */,
				A51FB876231F438B00D818A8 /* STBaseViewController.m */,
				A5039CC02320958F00B69CED /* STBaseNav.h */,
				A5039CC12320958F00B69CED /* STBaseNav.m */,
				A5A17DD12328A152000B707B /* STBaseModel.h */,
				A5A17DD22328A152000B707B /* STBaseModel.m */,
			);
			path = Base;
			sourceTree = "<group>";
		};
		A51FB878231F463000D818A8 /* Tabbar */ = {
			isa = PBXGroup;
			children = (
				A51FB87C231F46A900D818A8 /* STTabBarViewController.h */,
				A51FB87D231F46A900D818A8 /* STTabBarViewController.m */,
			);
			path = Tabbar;
			sourceTree = "<group>";
		};
		A522321F2320DF4700DE413E /* Home */ = {
			isa = PBXGroup;
			children = (
				A5A17DD42328A196000B707B /* Model */,
				A5A17DCD23288E2D000B707B /* ViewController */,
				A59FEC352320A9AE00C60BB5 /* STHomeViewController.h */,
				A59FEC362320A9AE00C60BB5 /* STHomeViewController.m */,
				A5EEFE582323449B0039F25C /* STTwoViewController.h */,
				A5EEFE592323449B0039F25C /* STTwoViewController.m */,
				A5EEFE5B232344AF0039F25C /* STThreeViewController.h */,
				A5EEFE5C232344AF0039F25C /* STThreeViewController.m */,
			);
			path = Home;
			sourceTree = "<group>";
		};
		A52232202320E0EE00DE413E /* Tools */ = {
			isa = PBXGroup;
			children = (
				A5FA1825232634DC00FEB9D3 /* MBProgressHUD(ST) */,
				A52232212320E0F800DE413E /* PrintPathTools */,
			);
			path = Tools;
			sourceTree = "<group>";
		};
		A52232212320E0F800DE413E /* PrintPathTools */ = {
			isa = PBXGroup;
			children = (
				A52232222320E0F800DE413E /* NSObject+EverGesturePath.m */,
				A52232232320E0F800DE413E /* UIViewController+EverPath.m */,
				A52232242320E0F800DE413E /* UIControl+EverPath.h */,
				A52232252320E0F800DE413E /* NSObject+EverGesturePath.h */,
				A52232262320E0F800DE413E /* UIViewController+EverPath.h */,
				A52232272320E0F800DE413E /* UIControl+EverPath.m */,
			);
			path = PrintPathTools;
			sourceTree = "<group>";
		};
		A5A17DCD23288E2D000B707B /* ViewController */ = {
			isa = PBXGroup;
			children = (
				A5A17DCE23288EDB000B707B /* STChildrenViewController.h */,
				A5A17DCF23288EDB000B707B /* STChildrenViewController.m */,
			);
			path = ViewController;
			sourceTree = "<group>";
		};
		A5A17DD42328A196000B707B /* Model */ = {
			isa = PBXGroup;
			children = (
				A5A17DD52328A1EB000B707B /* STChildrenModel.h */,
				A5A17DD62328A1EB000B707B /* STChildrenModel.m */,
			);
			path = Model;
			sourceTree = "<group>";
		};
		A5FA18212326331200FEB9D3 /* HttpResquest */ = {
			isa = PBXGroup;
			children = (
				A5FA18222326335C00FEB9D3 /* STHttpResquest.h */,
				A5FA18232326335C00FEB9D3 /* STHttpResquest.m */,
			);
			path = HttpResquest;
			sourceTree = "<group>";
		};
		A5FA1825232634DC00FEB9D3 /* MBProgressHUD(ST) */ = {
			isa = PBXGroup;
			children = (
				A5FA18272326353800FEB9D3 /* MBManager.h */,
				A5FA18262326353800FEB9D3 /* MBManager.m */,
			);
			path = "MBProgressHUD(ST)";
			sourceTree = "<group>";
		};
		A5FA18292326430000FEB9D3 /* Third */ = {
			isa = PBXGroup;
			children = (
				A5FA182A2326432400FEB9D3 /* FSScrollContentViewLib */,
			);
			path = Third;
			sourceTree = "<group>";
		};
		A5FA182A2326432400FEB9D3 /* FSScrollContentViewLib */ = {
			isa = PBXGroup;
			children = (
				A5FA182D2326432400FEB9D3 /* FSScrollContentView.h */,
				A5FA182C2326432400FEB9D3 /* FSPageContentView.h */,
				A5FA182E2326432400FEB9D3 /* FSPageContentView.m */,
				A5FA182F2326432400FEB9D3 /* FSSegmentTitleView.h */,
				A5FA182B2326432400FEB9D3 /* FSSegmentTitleView.m */,
			);
			path = FSScrollContentViewLib;
			sourceTree = "<group>";
		};
/* End PBXGroup section */

/* Begin PBXNativeTarget section */
		A51FB856231F3DD900D818A8 /* StudyOC */ = {
			isa = PBXNativeTarget;
			buildConfigurationList = A51FB86D231F3DDA00D818A8 /* Build configuration list for PBXNativeTarget "StudyOC" */;
			buildPhases = (
				B95314E45F33CD272B02E214 /* [CP] Check Pods Manifest.lock */,
				A51FB853231F3DD900D818A8 /* Sources */,
				A51FB854231F3DD900D818A8 /* Frameworks */,
				A51FB855231F3DD900D818A8 /* Resources */,
				063DC13A3DA4125AED597F9A /* [CP] Copy Pods Resources */,
			);
			buildRules = (
			);
			dependencies = (
			);
			name = StudyOC;
			productName = StudyOC;
			productReference = A51FB857231F3DD900D818A8 /* StudyOC.app */;
			productType = "com.apple.product-type.application";
		};
/* End PBXNativeTarget section */

/* Begin PBXProject section */
		A51FB84F231F3DD900D818A8 /* Project object */ = {
			isa = PBXProject;
			attributes = {
				CLASSPREFIX = ST;
				LastUpgradeCheck = 1020;
				ORGANIZATIONNAME = "研学旅行";
				TargetAttributes = {
					A51FB856231F3DD900D818A8 = {
						CreatedOnToolsVersion = 10.2;
						SystemCapabilities = {
							com.apple.Push = {
								enabled = 0;
							};
						};
					};
				};
			};
			buildConfigurationList = A51FB852231F3DD900D818A8 /* Build configuration list for PBXProject "StudyOC" */;
			compatibilityVersion = "Xcode 9.3";
			developmentRegion = en;
			hasScannedForEncodings = 0;
			knownRegions = (
				en,
				Base,
			);
			mainGroup = A51FB84E231F3DD900D818A8;
			productRefGroup = A51FB858231F3DD900D818A8 /* Products */;
			projectDirPath = "";
			projectRoot = "";
			targets = (
				A51FB856231F3DD900D818A8 /* StudyOC */,
			);
		};
/* End PBXProject section */

/* Begin PBXResourcesBuildPhase section */
		A51FB855231F3DD900D818A8 /* Resources */ = {
			isa = PBXResourcesBuildPhase;
			buildActionMask = 2147483647;
			files = (
				A51FB867231F3DDA00D818A8 /* LaunchScreen.storyboard in Resources */,
				A51FB864231F3DDA00D818A8 /* Assets.xcassets in Resources */,
				A51FB862231F3DD900D818A8 /* Main.storyboard in Resources */,
			);
			runOnlyForDeploymentPostprocessing = 0;
		};
/* End PBXResourcesBuildPhase section */

/* Begin PBXShellScriptBuildPhase section */
		063DC13A3DA4125AED597F9A /* [CP] Copy Pods Resources */ = {
			isa = PBXShellScriptBuildPhase;
			buildActionMask = 2147483647;
			files = (
			);
			inputFileListPaths = (
				"${PODS_ROOT}/Target Support Files/Pods-StudyOC/Pods-StudyOC-resources-${CONFIGURATION}-input-files.xcfilelist",
			);
			name = "[CP] Copy Pods Resources";
			outputFileListPaths = (
				"${PODS_ROOT}/Target Support Files/Pods-StudyOC/Pods-StudyOC-resources-${CONFIGURATION}-output-files.xcfilelist",
			);
			runOnlyForDeploymentPostprocessing = 0;
			shellPath = /bin/sh;
			shellScript = "\"${PODS_ROOT}/Target Support Files/Pods-StudyOC/Pods-StudyOC-resources.sh\"\n";
			showEnvVarsInLog = 0;
		};
		B95314E45F33CD272B02E214 /* [CP] Check Pods Manifest.lock */ = {
			isa = PBXShellScriptBuildPhase;
			buildActionMask = 2147483647;
			files = (
			);
			inputFileListPaths = (
			);
			inputPaths = (
				"${PODS_PODFILE_DIR_PATH}/Podfile.lock",
				"${PODS_ROOT}/Manifest.lock",
			);
			name = "[CP] Check Pods Manifest.lock";
			outputFileListPaths = (
			);
			outputPaths = (
				"$(DERIVED_FILE_DIR)/Pods-StudyOC-checkManifestLockResult.txt",
			);
			runOnlyForDeploymentPostprocessing = 0;
			shellPath = /bin/sh;
			shellScript = "diff \"${PODS_PODFILE_DIR_PATH}/Podfile.lock\" \"${PODS_ROOT}/Manifest.lock\" > /dev/null\nif [ $? != 0 ] ; then\n    # print error to STDERR\n    echo \"error: The sandbox is not in sync with the Podfile.lock. Run 'pod install' or update your CocoaPods installation.\" >&2\n    exit 1\nfi\n# This output is used by Xcode 'outputs' to avoid re-running this script phase.\necho \"SUCCESS\" > \"${SCRIPT_OUTPUT_FILE_0}\"\n";
			showEnvVarsInLog = 0;
		};
/* End PBXShellScriptBuildPhase section */

/* Begin PBXSourcesBuildPhase section */
		A51FB853231F3DD900D818A8 /* Sources */ = {
			isa = PBXSourcesBuildPhase;
			buildActionMask = 2147483647;
			files = (
				A522322A2320E0F800DE413E /* UIControl+EverPath.m in Sources */,
				A51FB86A231F3DDA00D818A8 /* main.m in Sources */,
				A5FA18282326353800FEB9D3 /* MBManager.m in Sources */,
				A5FA18242326335C00FEB9D3 /* STHttpResquest.m in Sources */,
				A51FB87E231F46A900D818A8 /* STTabBarViewController.m in Sources */,
				A5EEFE5D232344AF0039F25C /* STThreeViewController.m in Sources */,
				A51FB85C231F3DD900D818A8 /* AppDelegate.m in Sources */,
				A5EEFE5A2323449B0039F25C /* STTwoViewController.m in Sources */,
				A5FA18302326432500FEB9D3 /* FSSegmentTitleView.m in Sources */,
				A5A17DD32328A152000B707B /* STBaseModel.m in Sources */,
				A51FD1AB2322641400C125C9 /* STKWWebViewController.m in Sources */,
				A5039CC5232095FA00B69CED /* STBaseTableViewController.m in Sources */,
				A5FA18312326432500FEB9D3 /* FSPageContentView.m in Sources */,
				A5A17DD72328A1EB000B707B /* STChildrenModel.m in Sources */,
				A5039CC22320958F00B69CED /* STBaseNav.m in Sources */,
				A59FEC372320A9AE00C60BB5 /* STHomeViewController.m in Sources */,
				A5A17DD023288EDB000B707B /* STChildrenViewController.m in Sources */,
				A52232292320E0F800DE413E /* UIViewController+EverPath.m in Sources */,
				A52232282320E0F800DE413E /* NSObject+EverGesturePath.m in Sources */,
				A51FB877231F438B00D818A8 /* STBaseViewController.m in Sources */,
			);
			runOnlyForDeploymentPostprocessing = 0;
		};
/* End PBXSourcesBuildPhase section */

/* Begin PBXVariantGroup section */
		A51FB860231F3DD900D818A8 /* Main.storyboard */ = {
			isa = PBXVariantGroup;
			children = (
				A51FB861231F3DD900D818A8 /* Base */,
			);
			name = Main.storyboard;
			sourceTree = "<group>";
		};
		A51FB865231F3DDA00D818A8 /* LaunchScreen.storyboard */ = {
			isa = PBXVariantGroup;
			children = (
				A51FB866231F3DDA00D818A8 /* Base */,
			);
			name = LaunchScreen.storyboard;
			sourceTree = "<group>";
		};
/* End PBXVariantGroup section */

/* Begin XCBuildConfiguration section */
		A51FB86B231F3DDA00D818A8 /* Debug */ = {
			isa = XCBuildConfiguration;
			buildSettings = {
				ALWAYS_SEARCH_USER_PATHS = NO;
				CLANG_ANALYZER_NONNULL = YES;
				CLANG_ANALYZER_NUMBER_OBJECT_CONVERSION = YES_AGGRESSIVE;
				CLANG_CXX_LANGUAGE_STANDARD = "gnu++14";
				CLANG_CXX_LIBRARY = "libc++";
				CLANG_ENABLE_MODULES = YES;
				CLANG_ENABLE_OBJC_ARC = YES;
				CLANG_ENABLE_OBJC_WEAK = YES;
				CLANG_WARN_BLOCK_CAPTURE_AUTORELEASING = YES;
				CLANG_WARN_BOOL_CONVERSION = YES;
				CLANG_WARN_COMMA = YES;
				CLANG_WARN_CONSTANT_CONVERSION = YES;
				CLANG_WARN_DEPRECATED_OBJC_IMPLEMENTATIONS = YES;
				CLANG_WARN_DIRECT_OBJC_ISA_USAGE = YES_ERROR;
				CLANG_WARN_DOCUMENTATION_COMMENTS = YES;
				CLANG_WARN_EMPTY_BODY = YES;
				CLANG_WARN_ENUM_CONVERSION = YES;
				CLANG_WARN_INFINITE_RECURSION = YES;
				CLANG_WARN_INT_CONVERSION = YES;
				CLANG_WARN_NON_LITERAL_NULL_CONVERSION = YES;
				CLANG_WARN_OBJC_IMPLICIT_RETAIN_SELF = YES;
				CLANG_WARN_OBJC_LITERAL_CONVERSION = YES;
				CLANG_WARN_OBJC_ROOT_CLASS = YES_ERROR;
				CLANG_WARN_RANGE_LOOP_ANALYSIS = YES;
				CLANG_WARN_STRICT_PROTOTYPES = YES;
				CLANG_WARN_SUSPICIOUS_MOVE = YES;
				CLANG_WARN_UNGUARDED_AVAILABILITY = YES_AGGRESSIVE;
				CLANG_WARN_UNREACHABLE_CODE = YES;
				CLANG_WARN__DUPLICATE_METHOD_MATCH = YES;
				CODE_SIGN_IDENTITY = "iPhone Developer";
				COPY_PHASE_STRIP = NO;
				DEBUG_INFORMATION_FORMAT = dwarf;
				ENABLE_STRICT_OBJC_MSGSEND = YES;
				ENABLE_TESTABILITY = YES;
				GCC_C_LANGUAGE_STANDARD = gnu11;
				GCC_DYNAMIC_NO_PIC = NO;
				GCC_NO_COMMON_BLOCKS = YES;
				GCC_OPTIMIZATION_LEVEL = 0;
				GCC_PREPROCESSOR_DEFINITIONS = (
					"DEBUG=1",
					"$(inherited)",
				);
				GCC_WARN_64_TO_32_BIT_CONVERSION = YES;
				GCC_WARN_ABOUT_RETURN_TYPE = YES_ERROR;
				GCC_WARN_UNDECLARED_SELECTOR = YES;
				GCC_WARN_UNINITIALIZED_AUTOS = YES_AGGRESSIVE;
				GCC_WARN_UNUSED_FUNCTION = YES;
				GCC_WARN_UNUSED_VARIABLE = YES;
				IPHONEOS_DEPLOYMENT_TARGET = 12.2;
				MTL_ENABLE_DEBUG_INFO = INCLUDE_SOURCE;
				MTL_FAST_MATH = YES;
				ONLY_ACTIVE_ARCH = YES;
				SDKROOT = iphoneos;
			};
			name = Debug;
		};
		A51FB86C231F3DDA00D818A8 /* Release */ = {
			isa = XCBuildConfiguration;
			buildSettings = {
				ALWAYS_SEARCH_USER_PATHS = NO;
				CLANG_ANALYZER_NONNULL = YES;
				CLANG_ANALYZER_NUMBER_OBJECT_CONVERSION = YES_AGGRESSIVE;
				CLANG_CXX_LANGUAGE_STANDARD = "gnu++14";
				CLANG_CXX_LIBRARY = "libc++";
				CLANG_ENABLE_MODULES = YES;
				CLANG_ENABLE_OBJC_ARC = YES;
				CLANG_ENABLE_OBJC_WEAK = YES;
				CLANG_WARN_BLOCK_CAPTURE_AUTORELEASING = YES;
				CLANG_WARN_BOOL_CONVERSION = YES;
				CLANG_WARN_COMMA = YES;
				CLANG_WARN_CONSTANT_CONVERSION = YES;
				CLANG_WARN_DEPRECATED_OBJC_IMPLEMENTATIONS = YES;
				CLANG_WARN_DIRECT_OBJC_ISA_USAGE = YES_ERROR;
				CLANG_WARN_DOCUMENTATION_COMMENTS = YES;
				CLANG_WARN_EMPTY_BODY = YES;
				CLANG_WARN_ENUM_CONVERSION = YES;
				CLANG_WARN_INFINITE_RECURSION = YES;
				CLANG_WARN_INT_CONVERSION = YES;
				CLANG_WARN_NON_LITERAL_NULL_CONVERSION = YES;
				CLANG_WARN_OBJC_IMPLICIT_RETAIN_SELF = YES;
				CLANG_WARN_OBJC_LITERAL_CONVERSION = YES;
				CLANG_WARN_OBJC_ROOT_CLASS = YES_ERROR;
				CLANG_WARN_RANGE_LOOP_ANALYSIS = YES;
				CLANG_WARN_STRICT_PROTOTYPES = YES;
				CLANG_WARN_SUSPICIOUS_MOVE = YES;
				CLANG_WARN_UNGUARDED_AVAILABILITY = YES_AGGRESSIVE;
				CLANG_WARN_UNREACHABLE_CODE = YES;
				CLANG_WARN__DUPLICATE_METHOD_MATCH = YES;
				CODE_SIGN_IDENTITY = "iPhone Developer";
				COPY_PHASE_STRIP = NO;
				DEBUG_INFORMATION_FORMAT = "dwarf-with-dsym";
				ENABLE_NS_ASSERTIONS = NO;
				ENABLE_STRICT_OBJC_MSGSEND = YES;
				GCC_C_LANGUAGE_STANDARD = gnu11;
				GCC_NO_COMMON_BLOCKS = YES;
				GCC_WARN_64_TO_32_BIT_CONVERSION = YES;
				GCC_WARN_ABOUT_RETURN_TYPE = YES_ERROR;
				GCC_WARN_UNDECLARED_SELECTOR = YES;
				GCC_WARN_UNINITIALIZED_AUTOS = YES_AGGRESSIVE;
				GCC_WARN_UNUSED_FUNCTION = YES;
				GCC_WARN_UNUSED_VARIABLE = YES;
				IPHONEOS_DEPLOYMENT_TARGET = 12.2;
				MTL_ENABLE_DEBUG_INFO = NO;
				MTL_FAST_MATH = YES;
				SDKROOT = iphoneos;
				VALIDATE_PRODUCT = YES;
			};
			name = Release;
		};
		A51FB86E231F3DDA00D818A8 /* Debug */ = {
			isa = XCBuildConfiguration;
			baseConfigurationReference = 8EF50E17A6D7C96A811DE969 /* Pods-StudyOC.debug.xcconfig */;
			buildSettings = {
				ASSETCATALOG_COMPILER_APPICON_NAME = AppIcon;
				CODE_SIGN_IDENTITY = "iPhone Developer";
				CODE_SIGN_STYLE = Automatic;
				DEVELOPMENT_TEAM = "";
				GCC_PREFIX_HEADER = "/Users/yanxuelvxing/Desktop/研学/StudyOC/StudyOC/Classes/Global/STPrefixHeader.pch";
				INFOPLIST_FILE = StudyOC/Info.plist;
				IPHONEOS_DEPLOYMENT_TARGET = 9.0;
				LD_RUNPATH_SEARCH_PATHS = (
					"$(inherited)",
					"@executable_path/Frameworks",
				);
				PRODUCT_BUNDLE_IDENTIFIER = com.dy.StudyOC;
				PRODUCT_NAME = "$(TARGET_NAME)";
				PROVISIONING_PROFILE_SPECIFIER = "";
				TARGETED_DEVICE_FAMILY = "1,2";
			};
			name = Debug;
		};
		A51FB86F231F3DDA00D818A8 /* Release */ = {
			isa = XCBuildConfiguration;
			baseConfigurationReference = A6BBE460DEA79AF3415BF643 /* Pods-StudyOC.release.xcconfig */;
			buildSettings = {
				ASSETCATALOG_COMPILER_APPICON_NAME = AppIcon;
				CODE_SIGN_IDENTITY = "iPhone Developer";
				CODE_SIGN_STYLE = Automatic;
				DEVELOPMENT_TEAM = "";
				GCC_PREFIX_HEADER = "/Users/yanxuelvxing/Desktop/研学/StudyOC/StudyOC/Classes/Global/STPrefixHeader.pch";
				INFOPLIST_FILE = StudyOC/Info.plist;
				IPHONEOS_DEPLOYMENT_TARGET = 9.0;
				LD_RUNPATH_SEARCH_PATHS = (
					"$(inherited)",
					"@executable_path/Frameworks",
				);
				PRODUCT_BUNDLE_IDENTIFIER = com.dy.StudyOC;
				PRODUCT_NAME = "$(TARGET_NAME)";
				PROVISIONING_PROFILE_SPECIFIER = "";
				TARGETED_DEVICE_FAMILY = "1,2";
			};
			name = Release;
		};
/* End XCBuildConfiguration section */

/* Begin XCConfigurationList section */
		A51FB852231F3DD900D818A8 /* Build configuration list for PBXProject "StudyOC" */ = {
			isa = XCConfigurationList;
			buildConfigurations = (
				A51FB86B231F3DDA00D818A8 /* Debug */,
				A51FB86C231F3DDA00D818A8 /* Release */,
			);
			defaultConfigurationIsVisible = 0;
			defaultConfigurationName = Release;
		};
		A51FB86D231F3DDA00D818A8 /* Build configuration list for PBXNativeTarget "StudyOC" */ = {
			isa = XCConfigurationList;
			buildConfigurations = (
				A51FB86E231F3DDA00D818A8 /* Debug */,
				A51FB86F231F3DDA00D818A8 /* Release */,
			);
			defaultConfigurationIsVisible = 0;
			defaultConfigurationName = Release;
		};
/* End XCConfigurationList section */
	};
	rootObject = A51FB84F231F3DD900D818A8 /* Project object */;
}
