// !$*UTF8*$!
{
	archiveVersion = 1;
	classes = {
	};
	objectVersion = 51;
	objects = {

/* Begin PBXBuildFile section */
		A503401C2335B6B400274FCE /* TagView.m in Sources */ = {isa = PBXBuildFile; fileRef = A503401B2335B6B400274FCE /* TagView.m */; };
		A50340202335C2FF00274FCE /* DRFrashLayer.m in Sources */ = {isa = PBXBuildFile; fileRef = A503401F2335C2FF00274FCE /* DRFrashLayer.m */; };
		A50340232335C30900274FCE /* BossHeaderView.m in Sources */ = {isa = PBXBuildFile; fileRef = A50340212335C30900274FCE /* BossHeaderView.m */; };
		A50340272335D0D200274FCE /* STHeaderIconListView.m in Sources */ = {isa = PBXBuildFile; fileRef = A50340262335D0D200274FCE /* STHeaderIconListView.m */; };
		A5039CC22320958F00B69CED /* STBaseNav.m in Sources */ = {isa = PBXBuildFile; fileRef = A5039CC12320958F00B69CED /* STBaseNav.m */; };
		A5039CC5232095FA00B69CED /* STBaseTableViewController.m in Sources */ = {isa = PBXBuildFile; fileRef = A5039CC4232095FA00B69CED /* STBaseTableViewController.m */; };
		A509BCE0232A4ABC00C6CAE1 /* UIButton+RepeatEventInterval.m in Sources */ = {isa = PBXBuildFile; fileRef = A509BCDE232A4ABC00C6CAE1 /* UIButton+RepeatEventInterval.m */; };
		A51FB85C231F3DD900D818A8 /* AppDelegate.m in Sources */ = {isa = PBXBuildFile; fileRef = A51FB85B231F3DD900D818A8 /* AppDelegate.m */; };
		A51FB862231F3DD900D818A8 /* Main.storyboard in Resources */ = {isa = PBXBuildFile; fileRef = A51FB860231F3DD900D818A8 /* Main.storyboard */; };
		A51FB864231F3DDA00D818A8 /* Assets.xcassets in Resources */ = {isa = PBXBuildFile; fileRef = A51FB863231F3DDA00D818A8 /* Assets.xcassets */; };
		A51FB867231F3DDA00D818A8 /* LaunchScreen.storyboard in Resources */ = {isa = PBXBuildFile; fileRef = A51FB865231F3DDA00D818A8 /* LaunchScreen.storyboard */; };
		A51FB86A231F3DDA00D818A8 /* main.m in Sources */ = {isa = PBXBuildFile; fileRef = A51FB869231F3DDA00D818A8 /* main.m */; };
		A51FB877231F438B00D818A8 /* STBaseViewController.m in Sources */ = {isa = PBXBuildFile; fileRef = A51FB876231F438B00D818A8 /* STBaseViewController.m */; };
		A51FB87E231F46A900D818A8 /* STTabBarViewController.m in Sources */ = {isa = PBXBuildFile; fileRef = A51FB87D231F46A900D818A8 /* STTabBarViewController.m */; };
		A51FD1AB2322641400C125C9 /* STKWWebViewController.m in Sources */ = {isa = PBXBuildFile; fileRef = A51FD1AA2322641300C125C9 /* STKWWebViewController.m */; };
		A52232282320E0F800DE413E /* NSObject+EverGesturePath.m in Sources */ = {isa = PBXBuildFile; fileRef = A52232222320E0F800DE413E /* NSObject+EverGesturePath.m */; };
		A52232292320E0F800DE413E /* UIViewController+EverPath.m in Sources */ = {isa = PBXBuildFile; fileRef = A52232232320E0F800DE413E /* UIViewController+EverPath.m */; };
		A522322A2320E0F800DE413E /* UIControl+EverPath.m in Sources */ = {isa = PBXBuildFile; fileRef = A52232272320E0F800DE413E /* UIControl+EverPath.m */; };
		A543847723347D5D005CDA49 /* STBaseTableViewCell.m in Sources */ = {isa = PBXBuildFile; fileRef = A543847623347D5D005CDA49 /* STBaseTableViewCell.m */; };
		A543848D23347F7F005CDA49 /* TYLinkTextStorage.m in Sources */ = {isa = PBXBuildFile; fileRef = A543847A23347F7F005CDA49 /* TYLinkTextStorage.m */; };
		A543848E23347F7F005CDA49 /* TYDrawStorage.m in Sources */ = {isa = PBXBuildFile; fileRef = A543847B23347F7F005CDA49 /* TYDrawStorage.m */; };
		A543848F23347F7F005CDA49 /* TYViewStorage.m in Sources */ = {isa = PBXBuildFile; fileRef = A543847C23347F7F005CDA49 /* TYViewStorage.m */; };
		A543849023347F7F005CDA49 /* TYImageStorage.m in Sources */ = {isa = PBXBuildFile; fileRef = A543847D23347F7F005CDA49 /* TYImageStorage.m */; };
		A543849123347F7F005CDA49 /* NSMutableAttributedString+TY.m in Sources */ = {isa = PBXBuildFile; fileRef = A543847F23347F7F005CDA49 /* NSMutableAttributedString+TY.m */; };
		A543849223347F7F005CDA49 /* TYImageCache.m in Sources */ = {isa = PBXBuildFile; fileRef = A543848023347F7F005CDA49 /* TYImageCache.m */; };
		A543849323347F7F005CDA49 /* TYTextStorage.m in Sources */ = {isa = PBXBuildFile; fileRef = A543848123347F7F005CDA49 /* TYTextStorage.m */; };
		A543849423347F7F005CDA49 /* TYAttributedLabel.m in Sources */ = {isa = PBXBuildFile; fileRef = A543848223347F7F005CDA49 /* TYAttributedLabel.m */; };
		A543849523347F7F005CDA49 /* TYTextContainer+Extended.m in Sources */ = {isa = PBXBuildFile; fileRef = A543848923347F7F005CDA49 /* TYTextContainer+Extended.m */; };
		A543849623347F7F005CDA49 /* TYTextContainer.m in Sources */ = {isa = PBXBuildFile; fileRef = A543848C23347F7F005CDA49 /* TYTextContainer.m */; };
		A543849C23348025005CDA49 /* STRecommenVideoTableViewCell.m in Sources */ = {isa = PBXBuildFile; fileRef = A543849B23348025005CDA49 /* STRecommenVideoTableViewCell.m */; };
		A543849F2334ABAD005CDA49 /* STPopularitylistTableViewCell.m in Sources */ = {isa = PBXBuildFile; fileRef = A543849E2334ABAD005CDA49 /* STPopularitylistTableViewCell.m */; };
		A54384A22334AC6F005CDA49 /* STRecommendTopTableViewCell.m in Sources */ = {isa = PBXBuildFile; fileRef = A54384A12334AC6F005CDA49 /* STRecommendTopTableViewCell.m */; };
		A54384A62334B967005CDA49 /* STBaseCollectionViewCell.m in Sources */ = {isa = PBXBuildFile; fileRef = A54384A52334B967005CDA49 /* STBaseCollectionViewCell.m */; };
		A558B074CADECEFF2AEBCCE7 /* libPods-StudyOC.a in Frameworks */ = {isa = PBXBuildFile; fileRef = 3307BE2BB098774673DD9F24 /* libPods-StudyOC.a */; };
		A55B00B52331C897006AB1E9 /* KKNavTitleView.m in Sources */ = {isa = PBXBuildFile; fileRef = A55B00B32331C897006AB1E9 /* KKNavTitleView.m */; };
		A55B00DA233232F1006AB1E9 /* UIImage+Antialias.m in Sources */ = {isa = PBXBuildFile; fileRef = A55B00D0233232F1006AB1E9 /* UIImage+Antialias.m */; };
		A55B00DB233232F1006AB1E9 /* UIView+frame.m in Sources */ = {isa = PBXBuildFile; fileRef = A55B00D1233232F1006AB1E9 /* UIView+frame.m */; };
		A55B00DC233232F1006AB1E9 /* UIImage+Image.m in Sources */ = {isa = PBXBuildFile; fileRef = A55B00D2233232F1006AB1E9 /* UIImage+Image.m */; };
		A55B00DD233232F1006AB1E9 /* UITextField+Placeholder.m in Sources */ = {isa = PBXBuildFile; fileRef = A55B00D4233232F1006AB1E9 /* UITextField+Placeholder.m */; };
		A55B00DE233232F1006AB1E9 /* UIBarButtonItem+Item.m in Sources */ = {isa = PBXBuildFile; fileRef = A55B00D6233232F1006AB1E9 /* UIBarButtonItem+Item.m */; };
		A55B012223323447006AB1E9 /* UILabel+KKClickable.m in Sources */ = {isa = PBXBuildFile; fileRef = A55B00E023323446006AB1E9 /* UILabel+KKClickable.m */; };
		A55B012323323447006AB1E9 /* UIFont+Standard.m in Sources */ = {isa = PBXBuildFile; fileRef = A55B00E623323446006AB1E9 /* UIFont+Standard.m */; };
		A55B012423323447006AB1E9 /* UIColor+Standard.m in Sources */ = {isa = PBXBuildFile; fileRef = A55B00E723323446006AB1E9 /* UIColor+Standard.m */; };
		A55B012723323447006AB1E9 /* UIScrollView+KKFinger.m in Sources */ = {isa = PBXBuildFile; fileRef = A55B00EE23323446006AB1E9 /* UIScrollView+KKFinger.m */; };
		A55B012923323447006AB1E9 /* NSData+CRC32.m in Sources */ = {isa = PBXBuildFile; fileRef = A55B00F523323447006AB1E9 /* NSData+CRC32.m */; };
		A55B012A23323447006AB1E9 /* UIView+Geometry.m in Sources */ = {isa = PBXBuildFile; fileRef = A55B00F723323447006AB1E9 /* UIView+Geometry.m */; };
		A55B012B23323447006AB1E9 /* UIView+Border.m in Sources */ = {isa = PBXBuildFile; fileRef = A55B00F923323447006AB1E9 /* UIView+Border.m */; };
		A55B012C23323447006AB1E9 /* UIView+GestureRecognizer.m in Sources */ = {isa = PBXBuildFile; fileRef = A55B00FE23323447006AB1E9 /* UIView+GestureRecognizer.m */; };
		A55B012D23323447006AB1E9 /* UIView+Masonry.m in Sources */ = {isa = PBXBuildFile; fileRef = A55B00FF23323447006AB1E9 /* UIView+Masonry.m */; };
		A55B013323323447006AB1E9 /* NSNumber+KK.m in Sources */ = {isa = PBXBuildFile; fileRef = A55B010C23323447006AB1E9 /* NSNumber+KK.m */; };
		A55B013523323447006AB1E9 /* AppDelegate+KKPush.m in Sources */ = {isa = PBXBuildFile; fileRef = A55B011123323447006AB1E9 /* AppDelegate+KKPush.m */; };
		A55B013623323447006AB1E9 /* UISearchBar+Custom.m in Sources */ = {isa = PBXBuildFile; fileRef = A55B011423323447006AB1E9 /* UISearchBar+Custom.m */; };
		A55B013823323447006AB1E9 /* NSArray+Safe.m in Sources */ = {isa = PBXBuildFile; fileRef = A55B011B23323447006AB1E9 /* NSArray+Safe.m */; };
		A55B013923323447006AB1E9 /* UIPanGestureRecognizer+Position.m in Sources */ = {isa = PBXBuildFile; fileRef = A55B011D23323447006AB1E9 /* UIPanGestureRecognizer+Position.m */; };
		A55B013A23323447006AB1E9 /* NSDate+KK.m in Sources */ = {isa = PBXBuildFile; fileRef = A55B012123323447006AB1E9 /* NSDate+KK.m */; };
		A55B013E2332365B006AB1E9 /* KKSearchBar.m in Sources */ = {isa = PBXBuildFile; fileRef = A55B013C2332365B006AB1E9 /* KKSearchBar.m */; };
		A59FEC372320A9AE00C60BB5 /* STHomeViewController.m in Sources */ = {isa = PBXBuildFile; fileRef = A59FEC362320A9AE00C60BB5 /* STHomeViewController.m */; };
		A5A17DD023288EDB000B707B /* STChildrenViewController.m in Sources */ = {isa = PBXBuildFile; fileRef = A5A17DCF23288EDB000B707B /* STChildrenViewController.m */; };
		A5A17DD32328A152000B707B /* STBaseModel.m in Sources */ = {isa = PBXBuildFile; fileRef = A5A17DD22328A152000B707B /* STBaseModel.m */; };
		A5A17DD72328A1EB000B707B /* STChildrenModel.m in Sources */ = {isa = PBXBuildFile; fileRef = A5A17DD62328A1EB000B707B /* STChildrenModel.m */; };
		A5EEFE5A2323449B0039F25C /* STSocialViewController.m in Sources */ = {isa = PBXBuildFile; fileRef = A5EEFE592323449B0039F25C /* STSocialViewController.m */; };
		A5EEFE5D232344AF0039F25C /* STChatViewController.m in Sources */ = {isa = PBXBuildFile; fileRef = A5EEFE5C232344AF0039F25C /* STChatViewController.m */; };
		A5FA18242326335C00FEB9D3 /* STHttpResquest.m in Sources */ = {isa = PBXBuildFile; fileRef = A5FA18232326335C00FEB9D3 /* STHttpResquest.m */; };
		A5FA18282326353800FEB9D3 /* MBManager.m in Sources */ = {isa = PBXBuildFile; fileRef = A5FA18262326353800FEB9D3 /* MBManager.m */; };
		A5FA18302326432500FEB9D3 /* FSSegmentTitleView.m in Sources */ = {isa = PBXBuildFile; fileRef = A5FA182B2326432400FEB9D3 /* FSSegmentTitleView.m */; };
		A5FA18312326432500FEB9D3 /* FSPageContentView.m in Sources */ = {isa = PBXBuildFile; fileRef = A5FA182E2326432400FEB9D3 /* FSPageContentView.m */; };
		A5FB54C7232F73AC00223BC8 /* STPersonalCenterViewController.m in Sources */ = {isa = PBXBuildFile; fileRef = A5FB54C6232F73AC00223BC8 /* STPersonalCenterViewController.m */; };
		A5FB9A76233072CE0014E16B /* UIViewController+YNPageExtend.m in Sources */ = {isa = PBXBuildFile; fileRef = A5FB9A61233072CE0014E16B /* UIViewController+YNPageExtend.m */; };
		A5FB9A77233072CE0014E16B /* UIView+YNPageExtend.m in Sources */ = {isa = PBXBuildFile; fileRef = A5FB9A62233072CE0014E16B /* UIView+YNPageExtend.m */; };
		A5FB9A78233072CE0014E16B /* UIScrollView+YNPageExtend.m in Sources */ = {isa = PBXBuildFile; fileRef = A5FB9A66233072CE0014E16B /* UIScrollView+YNPageExtend.m */; };
		A5FB9A79233072CE0014E16B /* YNPageViewController.m in Sources */ = {isa = PBXBuildFile; fileRef = A5FB9A67233072CE0014E16B /* YNPageViewController.m */; };
		A5FB9A7A233072CE0014E16B /* YNPageConfigration.m in Sources */ = {isa = PBXBuildFile; fileRef = A5FB9A68233072CE0014E16B /* YNPageConfigration.m */; };
		A5FB9A7B233072CE0014E16B /* YNPageTableView.m in Sources */ = {isa = PBXBuildFile; fileRef = A5FB9A6B233072CE0014E16B /* YNPageTableView.m */; };
		A5FB9A7C233072CE0014E16B /* YNPageScrollView.m in Sources */ = {isa = PBXBuildFile; fileRef = A5FB9A6E233072CE0014E16B /* YNPageScrollView.m */; };
		A5FB9A7D233072CE0014E16B /* YNPageHeaderScrollView.m in Sources */ = {isa = PBXBuildFile; fileRef = A5FB9A6F233072CE0014E16B /* YNPageHeaderScrollView.m */; };
		A5FB9A7E233072CE0014E16B /* YNPageCollectionView.m in Sources */ = {isa = PBXBuildFile; fileRef = A5FB9A70233072CE0014E16B /* YNPageCollectionView.m */; };
		A5FB9A7F233072CE0014E16B /* YNPageScrollMenuView.m in Sources */ = {isa = PBXBuildFile; fileRef = A5FB9A72233072CE0014E16B /* YNPageScrollMenuView.m */; };
		A5FC1BD22329CEB500431E3A /* XXFileManger.m in Sources */ = {isa = PBXBuildFile; fileRef = A5FC1BD12329CEB500431E3A /* XXFileManger.m */; };
		A5FC9A91233308E9002F2B05 /* STFSHomeTopTabViewController.m in Sources */ = {isa = PBXBuildFile; fileRef = A5FC9A8F233308E9002F2B05 /* STFSHomeTopTabViewController.m */; };
		A5FC9A9C233314D2002F2B05 /* UIImage+Extend.m in Sources */ = {isa = PBXBuildFile; fileRef = A5FC9A9B233314D2002F2B05 /* UIImage+Extend.m */; };
		A5FC9A9F23331531002F2B05 /* UIImageView+CornerRadius.m in Sources */ = {isa = PBXBuildFile; fileRef = A5FC9A9D23331531002F2B05 /* UIImageView+CornerRadius.m */; };
		A5FC9AA4233325FB002F2B05 /* STMyHomeViewController.m in Sources */ = {isa = PBXBuildFile; fileRef = A5FC9AA3233325FB002F2B05 /* STMyHomeViewController.m */; };
		A5FC9AA723332631002F2B05 /* STRecommendViewController.m in Sources */ = {isa = PBXBuildFile; fileRef = A5FC9AA623332631002F2B05 /* STRecommendViewController.m */; };
		A5FC9AAA23332649002F2B05 /* STZhengZhouViewController.m in Sources */ = {isa = PBXBuildFile; fileRef = A5FC9AA923332649002F2B05 /* STZhengZhouViewController.m */; };
		A5FC9AAE23332C77002F2B05 /* NSString+Time.m in Sources */ = {isa = PBXBuildFile; fileRef = A5FC9AAD23332C77002F2B05 /* NSString+Time.m */; };
		A5FC9AB223332D64002F2B05 /* UIButton+KK.m in Sources */ = {isa = PBXBuildFile; fileRef = A5FC9AB023332D64002F2B05 /* UIButton+KK.m */; };
		A5FC9AB623332F14002F2B05 /* KKSectionItem.m in Sources */ = {isa = PBXBuildFile; fileRef = A5FC9AB523332F14002F2B05 /* KKSectionItem.m */; };
		A5FC9AB92333548B002F2B05 /* UITabBar+HNTabber.m in Sources */ = {isa = PBXBuildFile; fileRef = A5FC9AB72333548B002F2B05 /* UITabBar+HNTabber.m */; };
		A5FC9ABC233368A3002F2B05 /* STConstStringClass.m in Sources */ = {isa = PBXBuildFile; fileRef = A5FC9ABB233368A3002F2B05 /* STConstStringClass.m */; };
		A5FC9ABF23337123002F2B05 /* UIButton+Badge.m in Sources */ = {isa = PBXBuildFile; fileRef = A5FC9ABD23337123002F2B05 /* UIButton+Badge.m */; };
		A5FC9AC2233376BB002F2B05 /* STRankingListViewController.m in Sources */ = {isa = PBXBuildFile; fileRef = A5FC9AC1233376BB002F2B05 /* STRankingListViewController.m */; };
		A5FC9AC5233376D1002F2B05 /* STTagHomeTopViewController.m in Sources */ = {isa = PBXBuildFile; fileRef = A5FC9AC4233376D1002F2B05 /* STTagHomeTopViewController.m */; };
/* End PBXBuildFile section */

/* Begin PBXFileReference section */
		3307BE2BB098774673DD9F24 /* libPods-StudyOC.a */ = {isa = PBXFileReference; explicitFileType = archive.ar; includeInIndex = 0; path = "libPods-StudyOC.a"; sourceTree = BUILT_PRODUCTS_DIR; };
		8EF50E17A6D7C96A811DE969 /* Pods-StudyOC.debug.xcconfig */ = {isa = PBXFileReference; includeInIndex = 1; lastKnownFileType = text.xcconfig; name = "Pods-StudyOC.debug.xcconfig"; path = "Target Support Files/Pods-StudyOC/Pods-StudyOC.debug.xcconfig"; sourceTree = "<group>"; };
		A503401A2335B6B400274FCE /* TagView.h */ = {isa = PBXFileReference; fileEncoding = 4; lastKnownFileType = sourcecode.c.h; path = TagView.h; sourceTree = "<group>"; };
		A503401B2335B6B400274FCE /* TagView.m */ = {isa = PBXFileReference; fileEncoding = 4; lastKnownFileType = sourcecode.c.objc; path = TagView.m; sourceTree = "<group>"; };
		A503401E2335C2FF00274FCE /* DRFrashLayer.h */ = {isa = PBXFileReference; fileEncoding = 4; lastKnownFileType = sourcecode.c.h; path = DRFrashLayer.h; sourceTree = "<group>"; };
		A503401F2335C2FF00274FCE /* DRFrashLayer.m */ = {isa = PBXFileReference; fileEncoding = 4; lastKnownFileType = sourcecode.c.objc; path = DRFrashLayer.m; sourceTree = "<group>"; };
		A50340212335C30900274FCE /* BossHeaderView.m */ = {isa = PBXFileReference; fileEncoding = 4; lastKnownFileType = sourcecode.c.objc; path = BossHeaderView.m; sourceTree = "<group>"; };
		A50340222335C30900274FCE /* BossHeaderView.h */ = {isa = PBXFileReference; fileEncoding = 4; lastKnownFileType = sourcecode.c.h; path = BossHeaderView.h; sourceTree = "<group>"; };
		A50340252335D0D200274FCE /* STHeaderIconListView.h */ = {isa = PBXFileReference; lastKnownFileType = sourcecode.c.h; path = STHeaderIconListView.h; sourceTree = "<group>"; };
		A50340262335D0D200274FCE /* STHeaderIconListView.m */ = {isa = PBXFileReference; lastKnownFileType = sourcecode.c.objc; path = STHeaderIconListView.m; sourceTree = "<group>"; };
		A5039CBE2320948B00B69CED /* STheader.h */ = {isa = PBXFileReference; lastKnownFileType = sourcecode.c.h; path = STheader.h; sourceTree = "<group>"; };
		A5039CC02320958F00B69CED /* STBaseNav.h */ = {isa = PBXFileReference; lastKnownFileType = sourcecode.c.h; path = STBaseNav.h; sourceTree = "<group>"; };
		A5039CC12320958F00B69CED /* STBaseNav.m */ = {isa = PBXFileReference; lastKnownFileType = sourcecode.c.objc; path = STBaseNav.m; sourceTree = "<group>"; };
		A5039CC3232095FA00B69CED /* STBaseTableViewController.h */ = {isa = PBXFileReference; lastKnownFileType = sourcecode.c.h; path = STBaseTableViewController.h; sourceTree = "<group>"; };
		A5039CC4232095FA00B69CED /* STBaseTableViewController.m */ = {isa = PBXFileReference; lastKnownFileType = sourcecode.c.objc; path = STBaseTableViewController.m; sourceTree = "<group>"; };
		A5039CC623209E4500B69CED /* STDefineMacros.h */ = {isa = PBXFileReference; lastKnownFileType = sourcecode.c.h; path = STDefineMacros.h; sourceTree = "<group>"; };
		A503A618233864D900155D9B /* STCommonVariable.h */ = {isa = PBXFileReference; lastKnownFileType = sourcecode.c.h; path = STCommonVariable.h; sourceTree = "<group>"; };
		A509BCDE232A4ABC00C6CAE1 /* UIButton+RepeatEventInterval.m */ = {isa = PBXFileReference; fileEncoding = 4; lastKnownFileType = sourcecode.c.objc; path = "UIButton+RepeatEventInterval.m"; sourceTree = "<group>"; };
		A509BCDF232A4ABC00C6CAE1 /* UIButton+RepeatEventInterval.h */ = {isa = PBXFileReference; fileEncoding = 4; lastKnownFileType = sourcecode.c.h; path = "UIButton+RepeatEventInterval.h"; sourceTree = "<group>"; };
		A51FB857231F3DD900D818A8 /* StudyOC.app */ = {isa = PBXFileReference; explicitFileType = wrapper.application; includeInIndex = 0; path = StudyOC.app; sourceTree = BUILT_PRODUCTS_DIR; };
		A51FB85A231F3DD900D818A8 /* AppDelegate.h */ = {isa = PBXFileReference; lastKnownFileType = sourcecode.c.h; path = AppDelegate.h; sourceTree = "<group>"; };
		A51FB85B231F3DD900D818A8 /* AppDelegate.m */ = {isa = PBXFileReference; lastKnownFileType = sourcecode.c.objc; path = AppDelegate.m; sourceTree = "<group>"; };
		A51FB861231F3DD900D818A8 /* Base */ = {isa = PBXFileReference; lastKnownFileType = file.storyboard; name = Base; path = Base.lproj/Main.storyboard; sourceTree = "<group>"; };
		A51FB863231F3DDA00D818A8 /* Assets.xcassets */ = {isa = PBXFileReference; lastKnownFileType = folder.assetcatalog; path = Assets.xcassets; sourceTree = "<group>"; };
		A51FB866231F3DDA00D818A8 /* Base */ = {isa = PBXFileReference; lastKnownFileType = file.storyboard; name = Base; path = Base.lproj/LaunchScreen.storyboard; sourceTree = "<group>"; };
		A51FB868231F3DDA00D818A8 /* Info.plist */ = {isa = PBXFileReference; lastKnownFileType = text.plist.xml; path = Info.plist; sourceTree = "<group>"; };
		A51FB869231F3DDA00D818A8 /* main.m */ = {isa = PBXFileReference; lastKnownFileType = sourcecode.c.objc; path = main.m; sourceTree = "<group>"; };
		A51FB875231F438B00D818A8 /* STBaseViewController.h */ = {isa = PBXFileReference; lastKnownFileType = sourcecode.c.h; path = STBaseViewController.h; sourceTree = "<group>"; };
		A51FB876231F438B00D818A8 /* STBaseViewController.m */ = {isa = PBXFileReference; lastKnownFileType = sourcecode.c.objc; path = STBaseViewController.m; sourceTree = "<group>"; };
		A51FB87C231F46A900D818A8 /* STTabBarViewController.h */ = {isa = PBXFileReference; lastKnownFileType = sourcecode.c.h; path = STTabBarViewController.h; sourceTree = "<group>"; };
		A51FB87D231F46A900D818A8 /* STTabBarViewController.m */ = {isa = PBXFileReference; lastKnownFileType = sourcecode.c.objc; path = STTabBarViewController.m; sourceTree = "<group>"; };
		A51FD1A92322641300C125C9 /* STKWWebViewController.h */ = {isa = PBXFileReference; lastKnownFileType = sourcecode.c.h; path = STKWWebViewController.h; sourceTree = "<group>"; };
		A51FD1AA2322641300C125C9 /* STKWWebViewController.m */ = {isa = PBXFileReference; lastKnownFileType = sourcecode.c.objc; path = STKWWebViewController.m; sourceTree = "<group>"; };
		A52232172320B64700DE413E /* StudyOC.entitlements */ = {isa = PBXFileReference; lastKnownFileType = text.plist.entitlements; path = StudyOC.entitlements; sourceTree = "<group>"; };
		A52232222320E0F800DE413E /* NSObject+EverGesturePath.m */ = {isa = PBXFileReference; fileEncoding = 4; lastKnownFileType = sourcecode.c.objc; path = "NSObject+EverGesturePath.m"; sourceTree = "<group>"; };
		A52232232320E0F800DE413E /* UIViewController+EverPath.m */ = {isa = PBXFileReference; fileEncoding = 4; lastKnownFileType = sourcecode.c.objc; path = "UIViewController+EverPath.m"; sourceTree = "<group>"; };
		A52232242320E0F800DE413E /* UIControl+EverPath.h */ = {isa = PBXFileReference; fileEncoding = 4; lastKnownFileType = sourcecode.c.h; path = "UIControl+EverPath.h"; sourceTree = "<group>"; };
		A52232252320E0F800DE413E /* NSObject+EverGesturePath.h */ = {isa = PBXFileReference; fileEncoding = 4; lastKnownFileType = sourcecode.c.h; path = "NSObject+EverGesturePath.h"; sourceTree = "<group>"; };
		A52232262320E0F800DE413E /* UIViewController+EverPath.h */ = {isa = PBXFileReference; fileEncoding = 4; lastKnownFileType = sourcecode.c.h; path = "UIViewController+EverPath.h"; sourceTree = "<group>"; };
		A52232272320E0F800DE413E /* UIControl+EverPath.m */ = {isa = PBXFileReference; fileEncoding = 4; lastKnownFileType = sourcecode.c.objc; path = "UIControl+EverPath.m"; sourceTree = "<group>"; };
		A543847523347D5D005CDA49 /* STBaseTableViewCell.h */ = {isa = PBXFileReference; lastKnownFileType = sourcecode.c.h; path = STBaseTableViewCell.h; sourceTree = "<group>"; };
		A543847623347D5D005CDA49 /* STBaseTableViewCell.m */ = {isa = PBXFileReference; lastKnownFileType = sourcecode.c.objc; path = STBaseTableViewCell.m; sourceTree = "<group>"; };
		A543847923347F7F005CDA49 /* TYAttributedLabel.h */ = {isa = PBXFileReference; fileEncoding = 4; lastKnownFileType = sourcecode.c.h; path = TYAttributedLabel.h; sourceTree = "<group>"; };
		A543847A23347F7F005CDA49 /* TYLinkTextStorage.m */ = {isa = PBXFileReference; fileEncoding = 4; lastKnownFileType = sourcecode.c.objc; path = TYLinkTextStorage.m; sourceTree = "<group>"; };
		A543847B23347F7F005CDA49 /* TYDrawStorage.m */ = {isa = PBXFileReference; fileEncoding = 4; lastKnownFileType = sourcecode.c.objc; path = TYDrawStorage.m; sourceTree = "<group>"; };
		A543847C23347F7F005CDA49 /* TYViewStorage.m */ = {isa = PBXFileReference; fileEncoding = 4; lastKnownFileType = sourcecode.c.objc; path = TYViewStorage.m; sourceTree = "<group>"; };
		A543847D23347F7F005CDA49 /* TYImageStorage.m */ = {isa = PBXFileReference; fileEncoding = 4; lastKnownFileType = sourcecode.c.objc; path = TYImageStorage.m; sourceTree = "<group>"; };
		A543847E23347F7F005CDA49 /* TYTextContainer.h */ = {isa = PBXFileReference; fileEncoding = 4; lastKnownFileType = sourcecode.c.h; path = TYTextContainer.h; sourceTree = "<group>"; };
		A543847F23347F7F005CDA49 /* NSMutableAttributedString+TY.m */ = {isa = PBXFileReference; fileEncoding = 4; lastKnownFileType = sourcecode.c.objc; path = "NSMutableAttributedString+TY.m"; sourceTree = "<group>"; };
		A543848023347F7F005CDA49 /* TYImageCache.m */ = {isa = PBXFileReference; fileEncoding = 4; lastKnownFileType = sourcecode.c.objc; path = TYImageCache.m; sourceTree = "<group>"; };
		A543848123347F7F005CDA49 /* TYTextStorage.m */ = {isa = PBXFileReference; fileEncoding = 4; lastKnownFileType = sourcecode.c.objc; path = TYTextStorage.m; sourceTree = "<group>"; };
		A543848223347F7F005CDA49 /* TYAttributedLabel.m */ = {isa = PBXFileReference; fileEncoding = 4; lastKnownFileType = sourcecode.c.objc; path = TYAttributedLabel.m; sourceTree = "<group>"; };
		A543848323347F7F005CDA49 /* TYLinkTextStorage.h */ = {isa = PBXFileReference; fileEncoding = 4; lastKnownFileType = sourcecode.c.h; path = TYLinkTextStorage.h; sourceTree = "<group>"; };
		A543848423347F7F005CDA49 /* TYTextStorageProtocol.h */ = {isa = PBXFileReference; fileEncoding = 4; lastKnownFileType = sourcecode.c.h; path = TYTextStorageProtocol.h; sourceTree = "<group>"; };
		A543848523347F7F005CDA49 /* TYViewStorage.h */ = {isa = PBXFileReference; fileEncoding = 4; lastKnownFileType = sourcecode.c.h; path = TYViewStorage.h; sourceTree = "<group>"; };
		A543848623347F7F005CDA49 /* TYImageStorage.h */ = {isa = PBXFileReference; fileEncoding = 4; lastKnownFileType = sourcecode.c.h; path = TYImageStorage.h; sourceTree = "<group>"; };
		A543848723347F7F005CDA49 /* TYDrawStorage.h */ = {isa = PBXFileReference; fileEncoding = 4; lastKnownFileType = sourcecode.c.h; path = TYDrawStorage.h; sourceTree = "<group>"; };
		A543848823347F7F005CDA49 /* TYTextStorage.h */ = {isa = PBXFileReference; fileEncoding = 4; lastKnownFileType = sourcecode.c.h; path = TYTextStorage.h; sourceTree = "<group>"; };
		A543848923347F7F005CDA49 /* TYTextContainer+Extended.m */ = {isa = PBXFileReference; fileEncoding = 4; lastKnownFileType = sourcecode.c.objc; path = "TYTextContainer+Extended.m"; sourceTree = "<group>"; };
		A543848A23347F7F005CDA49 /* TYImageCache.h */ = {isa = PBXFileReference; fileEncoding = 4; lastKnownFileType = sourcecode.c.h; path = TYImageCache.h; sourceTree = "<group>"; };
		A543848B23347F7F005CDA49 /* NSMutableAttributedString+TY.h */ = {isa = PBXFileReference; fileEncoding = 4; lastKnownFileType = sourcecode.c.h; path = "NSMutableAttributedString+TY.h"; sourceTree = "<group>"; };
		A543848C23347F7F005CDA49 /* TYTextContainer.m */ = {isa = PBXFileReference; fileEncoding = 4; lastKnownFileType = sourcecode.c.objc; path = TYTextContainer.m; sourceTree = "<group>"; };
		A543849A23348025005CDA49 /* STRecommenVideoTableViewCell.h */ = {isa = PBXFileReference; lastKnownFileType = sourcecode.c.h; path = STRecommenVideoTableViewCell.h; sourceTree = "<group>"; };
		A543849B23348025005CDA49 /* STRecommenVideoTableViewCell.m */ = {isa = PBXFileReference; lastKnownFileType = sourcecode.c.objc; path = STRecommenVideoTableViewCell.m; sourceTree = "<group>"; };
		A543849D2334ABAD005CDA49 /* STPopularitylistTableViewCell.h */ = {isa = PBXFileReference; lastKnownFileType = sourcecode.c.h; path = STPopularitylistTableViewCell.h; sourceTree = "<group>"; };
		A543849E2334ABAD005CDA49 /* STPopularitylistTableViewCell.m */ = {isa = PBXFileReference; lastKnownFileType = sourcecode.c.objc; path = STPopularitylistTableViewCell.m; sourceTree = "<group>"; };
		A54384A02334AC6F005CDA49 /* STRecommendTopTableViewCell.h */ = {isa = PBXFileReference; lastKnownFileType = sourcecode.c.h; path = STRecommendTopTableViewCell.h; sourceTree = "<group>"; };
		A54384A12334AC6F005CDA49 /* STRecommendTopTableViewCell.m */ = {isa = PBXFileReference; lastKnownFileType = sourcecode.c.objc; path = STRecommendTopTableViewCell.m; sourceTree = "<group>"; };
		A54384A42334B967005CDA49 /* STBaseCollectionViewCell.h */ = {isa = PBXFileReference; lastKnownFileType = sourcecode.c.h; path = STBaseCollectionViewCell.h; sourceTree = "<group>"; };
		A54384A52334B967005CDA49 /* STBaseCollectionViewCell.m */ = {isa = PBXFileReference; lastKnownFileType = sourcecode.c.objc; path = STBaseCollectionViewCell.m; sourceTree = "<group>"; };
		A55B00B32331C897006AB1E9 /* KKNavTitleView.m */ = {isa = PBXFileReference; fileEncoding = 4; lastKnownFileType = sourcecode.c.objc; path = KKNavTitleView.m; sourceTree = "<group>"; };
		A55B00B42331C897006AB1E9 /* KKNavTitleView.h */ = {isa = PBXFileReference; fileEncoding = 4; lastKnownFileType = sourcecode.c.h; path = KKNavTitleView.h; sourceTree = "<group>"; };
		A55B00D0233232F1006AB1E9 /* UIImage+Antialias.m */ = {isa = PBXFileReference; fileEncoding = 4; lastKnownFileType = sourcecode.c.objc; path = "UIImage+Antialias.m"; sourceTree = "<group>"; };
		A55B00D1233232F1006AB1E9 /* UIView+frame.m */ = {isa = PBXFileReference; fileEncoding = 4; lastKnownFileType = sourcecode.c.objc; path = "UIView+frame.m"; sourceTree = "<group>"; };
		A55B00D2233232F1006AB1E9 /* UIImage+Image.m */ = {isa = PBXFileReference; fileEncoding = 4; lastKnownFileType = sourcecode.c.objc; path = "UIImage+Image.m"; sourceTree = "<group>"; };
		A55B00D3233232F1006AB1E9 /* UIBarButtonItem+Item.h */ = {isa = PBXFileReference; fileEncoding = 4; lastKnownFileType = sourcecode.c.h; path = "UIBarButtonItem+Item.h"; sourceTree = "<group>"; };
		A55B00D4233232F1006AB1E9 /* UITextField+Placeholder.m */ = {isa = PBXFileReference; fileEncoding = 4; lastKnownFileType = sourcecode.c.objc; path = "UITextField+Placeholder.m"; sourceTree = "<group>"; };
		A55B00D5233232F1006AB1E9 /* UIImage+Antialias.h */ = {isa = PBXFileReference; fileEncoding = 4; lastKnownFileType = sourcecode.c.h; path = "UIImage+Antialias.h"; sourceTree = "<group>"; };
		A55B00D6233232F1006AB1E9 /* UIBarButtonItem+Item.m */ = {isa = PBXFileReference; fileEncoding = 4; lastKnownFileType = sourcecode.c.objc; path = "UIBarButtonItem+Item.m"; sourceTree = "<group>"; };
		A55B00D7233232F1006AB1E9 /* UIImage+Image.h */ = {isa = PBXFileReference; fileEncoding = 4; lastKnownFileType = sourcecode.c.h; path = "UIImage+Image.h"; sourceTree = "<group>"; };
		A55B00D8233232F1006AB1E9 /* UIView+frame.h */ = {isa = PBXFileReference; fileEncoding = 4; lastKnownFileType = sourcecode.c.h; path = "UIView+frame.h"; sourceTree = "<group>"; };
		A55B00D9233232F1006AB1E9 /* UITextField+Placeholder.h */ = {isa = PBXFileReference; fileEncoding = 4; lastKnownFileType = sourcecode.c.h; path = "UITextField+Placeholder.h"; sourceTree = "<group>"; };
		A55B00E023323446006AB1E9 /* UILabel+KKClickable.m */ = {isa = PBXFileReference; fileEncoding = 4; lastKnownFileType = sourcecode.c.objc; path = "UILabel+KKClickable.m"; sourceTree = "<group>"; };
		A55B00E123323446006AB1E9 /* UILabel+KKClickable.h */ = {isa = PBXFileReference; fileEncoding = 4; lastKnownFileType = sourcecode.c.h; path = "UILabel+KKClickable.h"; sourceTree = "<group>"; };
		A55B00E323323446006AB1E9 /* UIKit+Standard.h */ = {isa = PBXFileReference; fileEncoding = 4; lastKnownFileType = sourcecode.c.h; path = "UIKit+Standard.h"; sourceTree = "<group>"; };
		A55B00E423323446006AB1E9 /* UIFont+Standard.h */ = {isa = PBXFileReference; fileEncoding = 4; lastKnownFileType = sourcecode.c.h; path = "UIFont+Standard.h"; sourceTree = "<group>"; };
		A55B00E523323446006AB1E9 /* UIColor+Standard.h */ = {isa = PBXFileReference; fileEncoding = 4; lastKnownFileType = sourcecode.c.h; path = "UIColor+Standard.h"; sourceTree = "<group>"; };
		A55B00E623323446006AB1E9 /* UIFont+Standard.m */ = {isa = PBXFileReference; fileEncoding = 4; lastKnownFileType = sourcecode.c.objc; path = "UIFont+Standard.m"; sourceTree = "<group>"; };
		A55B00E723323446006AB1E9 /* UIColor+Standard.m */ = {isa = PBXFileReference; fileEncoding = 4; lastKnownFileType = sourcecode.c.objc; path = "UIColor+Standard.m"; sourceTree = "<group>"; };
		A55B00EE23323446006AB1E9 /* UIScrollView+KKFinger.m */ = {isa = PBXFileReference; fileEncoding = 4; lastKnownFileType = sourcecode.c.objc; path = "UIScrollView+KKFinger.m"; sourceTree = "<group>"; };
		A55B00EF23323446006AB1E9 /* UIScrollView+KKFinger.h */ = {isa = PBXFileReference; fileEncoding = 4; lastKnownFileType = sourcecode.c.h; path = "UIScrollView+KKFinger.h"; sourceTree = "<group>"; };
		A55B00F423323447006AB1E9 /* NSData+CRC32.h */ = {isa = PBXFileReference; fileEncoding = 4; lastKnownFileType = sourcecode.c.h; path = "NSData+CRC32.h"; sourceTree = "<group>"; };
		A55B00F523323447006AB1E9 /* NSData+CRC32.m */ = {isa = PBXFileReference; fileEncoding = 4; lastKnownFileType = sourcecode.c.objc; path = "NSData+CRC32.m"; sourceTree = "<group>"; };
		A55B00F723323447006AB1E9 /* UIView+Geometry.m */ = {isa = PBXFileReference; fileEncoding = 4; lastKnownFileType = sourcecode.c.objc; path = "UIView+Geometry.m"; sourceTree = "<group>"; };
		A55B00F823323447006AB1E9 /* UIView+GestureRecognizer.h */ = {isa = PBXFileReference; fileEncoding = 4; lastKnownFileType = sourcecode.c.h; path = "UIView+GestureRecognizer.h"; sourceTree = "<group>"; };
		A55B00F923323447006AB1E9 /* UIView+Border.m */ = {isa = PBXFileReference; fileEncoding = 4; lastKnownFileType = sourcecode.c.objc; path = "UIView+Border.m"; sourceTree = "<group>"; };
		A55B00FB23323447006AB1E9 /* UIView+Masonry.h */ = {isa = PBXFileReference; fileEncoding = 4; lastKnownFileType = sourcecode.c.h; path = "UIView+Masonry.h"; sourceTree = "<group>"; };
		A55B00FC23323447006AB1E9 /* UIView+Geometry.h */ = {isa = PBXFileReference; fileEncoding = 4; lastKnownFileType = sourcecode.c.h; path = "UIView+Geometry.h"; sourceTree = "<group>"; };
		A55B00FD23323447006AB1E9 /* UIView+Border.h */ = {isa = PBXFileReference; fileEncoding = 4; lastKnownFileType = sourcecode.c.h; path = "UIView+Border.h"; sourceTree = "<group>"; };
		A55B00FE23323447006AB1E9 /* UIView+GestureRecognizer.m */ = {isa = PBXFileReference; fileEncoding = 4; lastKnownFileType = sourcecode.c.objc; path = "UIView+GestureRecognizer.m"; sourceTree = "<group>"; };
		A55B00FF23323447006AB1E9 /* UIView+Masonry.m */ = {isa = PBXFileReference; fileEncoding = 4; lastKnownFileType = sourcecode.c.objc; path = "UIView+Masonry.m"; sourceTree = "<group>"; };
		A55B010B23323447006AB1E9 /* NSNumber+KK.h */ = {isa = PBXFileReference; fileEncoding = 4; lastKnownFileType = sourcecode.c.h; path = "NSNumber+KK.h"; sourceTree = "<group>"; };
		A55B010C23323447006AB1E9 /* NSNumber+KK.m */ = {isa = PBXFileReference; fileEncoding = 4; lastKnownFileType = sourcecode.c.objc; path = "NSNumber+KK.m"; sourceTree = "<group>"; };
		A55B011123323447006AB1E9 /* AppDelegate+KKPush.m */ = {isa = PBXFileReference; fileEncoding = 4; lastKnownFileType = sourcecode.c.objc; path = "AppDelegate+KKPush.m"; sourceTree = "<group>"; };
		A55B011223323447006AB1E9 /* AppDelegate+KKPush.h */ = {isa = PBXFileReference; fileEncoding = 4; lastKnownFileType = sourcecode.c.h; path = "AppDelegate+KKPush.h"; sourceTree = "<group>"; };
		A55B011423323447006AB1E9 /* UISearchBar+Custom.m */ = {isa = PBXFileReference; fileEncoding = 4; lastKnownFileType = sourcecode.c.objc; path = "UISearchBar+Custom.m"; sourceTree = "<group>"; };
		A55B011523323447006AB1E9 /* UISearchBar+Custom.h */ = {isa = PBXFileReference; fileEncoding = 4; lastKnownFileType = sourcecode.c.h; path = "UISearchBar+Custom.h"; sourceTree = "<group>"; };
		A55B011A23323447006AB1E9 /* NSArray+Safe.h */ = {isa = PBXFileReference; fileEncoding = 4; lastKnownFileType = sourcecode.c.h; path = "NSArray+Safe.h"; sourceTree = "<group>"; };
		A55B011B23323447006AB1E9 /* NSArray+Safe.m */ = {isa = PBXFileReference; fileEncoding = 4; lastKnownFileType = sourcecode.c.objc; path = "NSArray+Safe.m"; sourceTree = "<group>"; };
		A55B011D23323447006AB1E9 /* UIPanGestureRecognizer+Position.m */ = {isa = PBXFileReference; fileEncoding = 4; lastKnownFileType = sourcecode.c.objc; path = "UIPanGestureRecognizer+Position.m"; sourceTree = "<group>"; };
		A55B011E23323447006AB1E9 /* UIPanGestureRecognizer+Position.h */ = {isa = PBXFileReference; fileEncoding = 4; lastKnownFileType = sourcecode.c.h; path = "UIPanGestureRecognizer+Position.h"; sourceTree = "<group>"; };
		A55B012023323447006AB1E9 /* NSDate+KK.h */ = {isa = PBXFileReference; fileEncoding = 4; lastKnownFileType = sourcecode.c.h; path = "NSDate+KK.h"; sourceTree = "<group>"; };
		A55B012123323447006AB1E9 /* NSDate+KK.m */ = {isa = PBXFileReference; fileEncoding = 4; lastKnownFileType = sourcecode.c.objc; path = "NSDate+KK.m"; sourceTree = "<group>"; };
		A55B013C2332365B006AB1E9 /* KKSearchBar.m */ = {isa = PBXFileReference; fileEncoding = 4; lastKnownFileType = sourcecode.c.objc; path = KKSearchBar.m; sourceTree = "<group>"; };
		A55B013D2332365B006AB1E9 /* KKSearchBar.h */ = {isa = PBXFileReference; fileEncoding = 4; lastKnownFileType = sourcecode.c.h; path = KKSearchBar.h; sourceTree = "<group>"; };
		A5860789231FABDF00D8094B /* STPrefixHeader.pch */ = {isa = PBXFileReference; lastKnownFileType = sourcecode.c.h; path = STPrefixHeader.pch; sourceTree = "<group>"; };
		A59FEC352320A9AE00C60BB5 /* STHomeViewController.h */ = {isa = PBXFileReference; lastKnownFileType = sourcecode.c.h; path = STHomeViewController.h; sourceTree = "<group>"; };
		A59FEC362320A9AE00C60BB5 /* STHomeViewController.m */ = {isa = PBXFileReference; lastKnownFileType = sourcecode.c.objc; path = STHomeViewController.m; sourceTree = "<group>"; };
		A5A17DCE23288EDB000B707B /* STChildrenViewController.h */ = {isa = PBXFileReference; lastKnownFileType = sourcecode.c.h; path = STChildrenViewController.h; sourceTree = "<group>"; };
		A5A17DCF23288EDB000B707B /* STChildrenViewController.m */ = {isa = PBXFileReference; lastKnownFileType = sourcecode.c.objc; path = STChildrenViewController.m; sourceTree = "<group>"; };
		A5A17DD12328A152000B707B /* STBaseModel.h */ = {isa = PBXFileReference; lastKnownFileType = sourcecode.c.h; path = STBaseModel.h; sourceTree = "<group>"; };
		A5A17DD22328A152000B707B /* STBaseModel.m */ = {isa = PBXFileReference; lastKnownFileType = sourcecode.c.objc; path = STBaseModel.m; sourceTree = "<group>"; };
		A5A17DD52328A1EB000B707B /* STChildrenModel.h */ = {isa = PBXFileReference; lastKnownFileType = sourcecode.c.h; path = STChildrenModel.h; sourceTree = "<group>"; };
		A5A17DD62328A1EB000B707B /* STChildrenModel.m */ = {isa = PBXFileReference; lastKnownFileType = sourcecode.c.objc; path = STChildrenModel.m; sourceTree = "<group>"; };
		A5EEFE582323449B0039F25C /* STSocialViewController.h */ = {isa = PBXFileReference; lastKnownFileType = sourcecode.c.h; path = STSocialViewController.h; sourceTree = "<group>"; };
		A5EEFE592323449B0039F25C /* STSocialViewController.m */ = {isa = PBXFileReference; lastKnownFileType = sourcecode.c.objc; path = STSocialViewController.m; sourceTree = "<group>"; };
		A5EEFE5B232344AF0039F25C /* STChatViewController.h */ = {isa = PBXFileReference; lastKnownFileType = sourcecode.c.h; path = STChatViewController.h; sourceTree = "<group>"; };
		A5EEFE5C232344AF0039F25C /* STChatViewController.m */ = {isa = PBXFileReference; lastKnownFileType = sourcecode.c.objc; path = STChatViewController.m; sourceTree = "<group>"; };
		A5FA18222326335C00FEB9D3 /* STHttpResquest.h */ = {isa = PBXFileReference; lastKnownFileType = sourcecode.c.h; path = STHttpResquest.h; sourceTree = "<group>"; };
		A5FA18232326335C00FEB9D3 /* STHttpResquest.m */ = {isa = PBXFileReference; lastKnownFileType = sourcecode.c.objc; path = STHttpResquest.m; sourceTree = "<group>"; };
		A5FA18262326353800FEB9D3 /* MBManager.m */ = {isa = PBXFileReference; fileEncoding = 4; lastKnownFileType = sourcecode.c.objc; path = MBManager.m; sourceTree = "<group>"; };
		A5FA18272326353800FEB9D3 /* MBManager.h */ = {isa = PBXFileReference; fileEncoding = 4; lastKnownFileType = sourcecode.c.h; path = MBManager.h; sourceTree = "<group>"; };
		A5FA182B2326432400FEB9D3 /* FSSegmentTitleView.m */ = {isa = PBXFileReference; fileEncoding = 4; lastKnownFileType = sourcecode.c.objc; path = FSSegmentTitleView.m; sourceTree = "<group>"; };
		A5FA182C2326432400FEB9D3 /* FSPageContentView.h */ = {isa = PBXFileReference; fileEncoding = 4; lastKnownFileType = sourcecode.c.h; path = FSPageContentView.h; sourceTree = "<group>"; };
		A5FA182D2326432400FEB9D3 /* FSScrollContentView.h */ = {isa = PBXFileReference; fileEncoding = 4; lastKnownFileType = sourcecode.c.h; path = FSScrollContentView.h; sourceTree = "<group>"; };
		A5FA182E2326432400FEB9D3 /* FSPageContentView.m */ = {isa = PBXFileReference; fileEncoding = 4; lastKnownFileType = sourcecode.c.objc; path = FSPageContentView.m; sourceTree = "<group>"; };
		A5FA182F2326432400FEB9D3 /* FSSegmentTitleView.h */ = {isa = PBXFileReference; fileEncoding = 4; lastKnownFileType = sourcecode.c.h; path = FSSegmentTitleView.h; sourceTree = "<group>"; };
		A5FB54C5232F73AC00223BC8 /* STPersonalCenterViewController.h */ = {isa = PBXFileReference; lastKnownFileType = sourcecode.c.h; path = STPersonalCenterViewController.h; sourceTree = "<group>"; };
		A5FB54C6232F73AC00223BC8 /* STPersonalCenterViewController.m */ = {isa = PBXFileReference; lastKnownFileType = sourcecode.c.objc; path = STPersonalCenterViewController.m; sourceTree = "<group>"; };
		A5FB9A61233072CE0014E16B /* UIViewController+YNPageExtend.m */ = {isa = PBXFileReference; fileEncoding = 4; lastKnownFileType = sourcecode.c.objc; path = "UIViewController+YNPageExtend.m"; sourceTree = "<group>"; };
		A5FB9A62233072CE0014E16B /* UIView+YNPageExtend.m */ = {isa = PBXFileReference; fileEncoding = 4; lastKnownFileType = sourcecode.c.objc; path = "UIView+YNPageExtend.m"; sourceTree = "<group>"; };
		A5FB9A63233072CE0014E16B /* UIScrollView+YNPageExtend.h */ = {isa = PBXFileReference; fileEncoding = 4; lastKnownFileType = sourcecode.c.h; path = "UIScrollView+YNPageExtend.h"; sourceTree = "<group>"; };
		A5FB9A64233072CE0014E16B /* UIView+YNPageExtend.h */ = {isa = PBXFileReference; fileEncoding = 4; lastKnownFileType = sourcecode.c.h; path = "UIView+YNPageExtend.h"; sourceTree = "<group>"; };
		A5FB9A65233072CE0014E16B /* UIViewController+YNPageExtend.h */ = {isa = PBXFileReference; fileEncoding = 4; lastKnownFileType = sourcecode.c.h; path = "UIViewController+YNPageExtend.h"; sourceTree = "<group>"; };
		A5FB9A66233072CE0014E16B /* UIScrollView+YNPageExtend.m */ = {isa = PBXFileReference; fileEncoding = 4; lastKnownFileType = sourcecode.c.objc; path = "UIScrollView+YNPageExtend.m"; sourceTree = "<group>"; };
		A5FB9A67233072CE0014E16B /* YNPageViewController.m */ = {isa = PBXFileReference; fileEncoding = 4; lastKnownFileType = sourcecode.c.objc; path = YNPageViewController.m; sourceTree = "<group>"; };
		A5FB9A68233072CE0014E16B /* YNPageConfigration.m */ = {isa = PBXFileReference; fileEncoding = 4; lastKnownFileType = sourcecode.c.objc; path = YNPageConfigration.m; sourceTree = "<group>"; };
		A5FB9A6A233072CE0014E16B /* YNPageHeaderScrollView.h */ = {isa = PBXFileReference; fileEncoding = 4; lastKnownFileType = sourcecode.c.h; path = YNPageHeaderScrollView.h; sourceTree = "<group>"; };
		A5FB9A6B233072CE0014E16B /* YNPageTableView.m */ = {isa = PBXFileReference; fileEncoding = 4; lastKnownFileType = sourcecode.c.objc; path = YNPageTableView.m; sourceTree = "<group>"; };
		A5FB9A6C233072CE0014E16B /* YNPageCollectionView.h */ = {isa = PBXFileReference; fileEncoding = 4; lastKnownFileType = sourcecode.c.h; path = YNPageCollectionView.h; sourceTree = "<group>"; };
		A5FB9A6D233072CE0014E16B /* YNPageScrollMenuView.h */ = {isa = PBXFileReference; fileEncoding = 4; lastKnownFileType = sourcecode.c.h; path = YNPageScrollMenuView.h; sourceTree = "<group>"; };
		A5FB9A6E233072CE0014E16B /* YNPageScrollView.m */ = {isa = PBXFileReference; fileEncoding = 4; lastKnownFileType = sourcecode.c.objc; path = YNPageScrollView.m; sourceTree = "<group>"; };
		A5FB9A6F233072CE0014E16B /* YNPageHeaderScrollView.m */ = {isa = PBXFileReference; fileEncoding = 4; lastKnownFileType = sourcecode.c.objc; path = YNPageHeaderScrollView.m; sourceTree = "<group>"; };
		A5FB9A70233072CE0014E16B /* YNPageCollectionView.m */ = {isa = PBXFileReference; fileEncoding = 4; lastKnownFileType = sourcecode.c.objc; path = YNPageCollectionView.m; sourceTree = "<group>"; };
		A5FB9A71233072CE0014E16B /* YNPageTableView.h */ = {isa = PBXFileReference; fileEncoding = 4; lastKnownFileType = sourcecode.c.h; path = YNPageTableView.h; sourceTree = "<group>"; };
		A5FB9A72233072CE0014E16B /* YNPageScrollMenuView.m */ = {isa = PBXFileReference; fileEncoding = 4; lastKnownFileType = sourcecode.c.objc; path = YNPageScrollMenuView.m; sourceTree = "<group>"; };
		A5FB9A73233072CE0014E16B /* YNPageScrollView.h */ = {isa = PBXFileReference; fileEncoding = 4; lastKnownFileType = sourcecode.c.h; path = YNPageScrollView.h; sourceTree = "<group>"; };
		A5FB9A74233072CE0014E16B /* YNPageConfigration.h */ = {isa = PBXFileReference; fileEncoding = 4; lastKnownFileType = sourcecode.c.h; path = YNPageConfigration.h; sourceTree = "<group>"; };
		A5FB9A75233072CE0014E16B /* YNPageViewController.h */ = {isa = PBXFileReference; fileEncoding = 4; lastKnownFileType = sourcecode.c.h; path = YNPageViewController.h; sourceTree = "<group>"; };
		A5FC1BD02329CEB500431E3A /* XXFileManger.h */ = {isa = PBXFileReference; fileEncoding = 4; lastKnownFileType = sourcecode.c.h; path = XXFileManger.h; sourceTree = "<group>"; };
		A5FC1BD12329CEB500431E3A /* XXFileManger.m */ = {isa = PBXFileReference; fileEncoding = 4; lastKnownFileType = sourcecode.c.objc; path = XXFileManger.m; sourceTree = "<group>"; };
		A5FC9A8F233308E9002F2B05 /* STFSHomeTopTabViewController.m */ = {isa = PBXFileReference; fileEncoding = 4; lastKnownFileType = sourcecode.c.objc; path = STFSHomeTopTabViewController.m; sourceTree = "<group>"; };
		A5FC9A90233308E9002F2B05 /* STFSHomeTopTabViewController.h */ = {isa = PBXFileReference; fileEncoding = 4; lastKnownFileType = sourcecode.c.h; path = STFSHomeTopTabViewController.h; sourceTree = "<group>"; };
		A5FC9A9A233314D2002F2B05 /* UIImage+Extend.h */ = {isa = PBXFileReference; fileEncoding = 4; lastKnownFileType = sourcecode.c.h; path = "UIImage+Extend.h"; sourceTree = "<group>"; };
		A5FC9A9B233314D2002F2B05 /* UIImage+Extend.m */ = {isa = PBXFileReference; fileEncoding = 4; lastKnownFileType = sourcecode.c.objc; path = "UIImage+Extend.m"; sourceTree = "<group>"; };
		A5FC9A9D23331531002F2B05 /* UIImageView+CornerRadius.m */ = {isa = PBXFileReference; fileEncoding = 4; lastKnownFileType = sourcecode.c.objc; path = "UIImageView+CornerRadius.m"; sourceTree = "<group>"; };
		A5FC9A9E23331531002F2B05 /* UIImageView+CornerRadius.h */ = {isa = PBXFileReference; fileEncoding = 4; lastKnownFileType = sourcecode.c.h; path = "UIImageView+CornerRadius.h"; sourceTree = "<group>"; };
		A5FC9AA2233325FB002F2B05 /* STMyHomeViewController.h */ = {isa = PBXFileReference; lastKnownFileType = sourcecode.c.h; path = STMyHomeViewController.h; sourceTree = "<group>"; };
		A5FC9AA3233325FB002F2B05 /* STMyHomeViewController.m */ = {isa = PBXFileReference; lastKnownFileType = sourcecode.c.objc; path = STMyHomeViewController.m; sourceTree = "<group>"; };
		A5FC9AA523332631002F2B05 /* STRecommendViewController.h */ = {isa = PBXFileReference; lastKnownFileType = sourcecode.c.h; path = STRecommendViewController.h; sourceTree = "<group>"; };
		A5FC9AA623332631002F2B05 /* STRecommendViewController.m */ = {isa = PBXFileReference; lastKnownFileType = sourcecode.c.objc; path = STRecommendViewController.m; sourceTree = "<group>"; };
		A5FC9AA823332649002F2B05 /* STZhengZhouViewController.h */ = {isa = PBXFileReference; lastKnownFileType = sourcecode.c.h; path = STZhengZhouViewController.h; sourceTree = "<group>"; };
		A5FC9AA923332649002F2B05 /* STZhengZhouViewController.m */ = {isa = PBXFileReference; lastKnownFileType = sourcecode.c.objc; path = STZhengZhouViewController.m; sourceTree = "<group>"; };
		A5FC9AAC23332C77002F2B05 /* NSString+Time.h */ = {isa = PBXFileReference; fileEncoding = 4; lastKnownFileType = sourcecode.c.h; path = "NSString+Time.h"; sourceTree = "<group>"; };
		A5FC9AAD23332C77002F2B05 /* NSString+Time.m */ = {isa = PBXFileReference; fileEncoding = 4; lastKnownFileType = sourcecode.c.objc; path = "NSString+Time.m"; sourceTree = "<group>"; };
		A5FC9AB023332D64002F2B05 /* UIButton+KK.m */ = {isa = PBXFileReference; fileEncoding = 4; lastKnownFileType = sourcecode.c.objc; path = "UIButton+KK.m"; sourceTree = "<group>"; };
		A5FC9AB123332D64002F2B05 /* UIButton+KK.h */ = {isa = PBXFileReference; fileEncoding = 4; lastKnownFileType = sourcecode.c.h; path = "UIButton+KK.h"; sourceTree = "<group>"; };
		A5FC9AB423332F14002F2B05 /* KKSectionItem.h */ = {isa = PBXFileReference; fileEncoding = 4; lastKnownFileType = sourcecode.c.h; path = KKSectionItem.h; sourceTree = "<group>"; };
		A5FC9AB523332F14002F2B05 /* KKSectionItem.m */ = {isa = PBXFileReference; fileEncoding = 4; lastKnownFileType = sourcecode.c.objc; path = KKSectionItem.m; sourceTree = "<group>"; };
		A5FC9AB72333548B002F2B05 /* UITabBar+HNTabber.m */ = {isa = PBXFileReference; fileEncoding = 4; lastKnownFileType = sourcecode.c.objc; path = "UITabBar+HNTabber.m"; sourceTree = "<group>"; };
		A5FC9AB82333548B002F2B05 /* UITabBar+HNTabber.h */ = {isa = PBXFileReference; fileEncoding = 4; lastKnownFileType = sourcecode.c.h; path = "UITabBar+HNTabber.h"; sourceTree = "<group>"; };
		A5FC9ABA233368A3002F2B05 /* STConstStringClass.h */ = {isa = PBXFileReference; lastKnownFileType = sourcecode.c.h; path = STConstStringClass.h; sourceTree = "<group>"; };
		A5FC9ABB233368A3002F2B05 /* STConstStringClass.m */ = {isa = PBXFileReference; lastKnownFileType = sourcecode.c.objc; path = STConstStringClass.m; sourceTree = "<group>"; };
		A5FC9ABD23337123002F2B05 /* UIButton+Badge.m */ = {isa = PBXFileReference; fileEncoding = 4; lastKnownFileType = sourcecode.c.objc; path = "UIButton+Badge.m"; sourceTree = "<group>"; };
		A5FC9ABE23337123002F2B05 /* UIButton+Badge.h */ = {isa = PBXFileReference; fileEncoding = 4; lastKnownFileType = sourcecode.c.h; path = "UIButton+Badge.h"; sourceTree = "<group>"; };
		A5FC9AC0233376BB002F2B05 /* STRankingListViewController.h */ = {isa = PBXFileReference; lastKnownFileType = sourcecode.c.h; path = STRankingListViewController.h; sourceTree = "<group>"; };
		A5FC9AC1233376BB002F2B05 /* STRankingListViewController.m */ = {isa = PBXFileReference; lastKnownFileType = sourcecode.c.objc; path = STRankingListViewController.m; sourceTree = "<group>"; };
		A5FC9AC3233376D1002F2B05 /* STTagHomeTopViewController.h */ = {isa = PBXFileReference; lastKnownFileType = sourcecode.c.h; path = STTagHomeTopViewController.h; sourceTree = "<group>"; };
		A5FC9AC4233376D1002F2B05 /* STTagHomeTopViewController.m */ = {isa = PBXFileReference; lastKnownFileType = sourcecode.c.objc; path = STTagHomeTopViewController.m; sourceTree = "<group>"; };
		A6BBE460DEA79AF3415BF643 /* Pods-StudyOC.release.xcconfig */ = {isa = PBXFileReference; includeInIndex = 1; lastKnownFileType = text.xcconfig; name = "Pods-StudyOC.release.xcconfig"; path = "Target Support Files/Pods-StudyOC/Pods-StudyOC.release.xcconfig"; sourceTree = "<group>"; };
/* End PBXFileReference section */

/* Begin PBXFrameworksBuildPhase section */
		A51FB854231F3DD900D818A8 /* Frameworks */ = {
			isa = PBXFrameworksBuildPhase;
			buildActionMask = 2147483647;
			files = (
				A558B074CADECEFF2AEBCCE7 /* libPods-StudyOC.a in Frameworks */,
			);
			runOnlyForDeploymentPostprocessing = 0;
		};
/* End PBXFrameworksBuildPhase section */

/* Begin PBXGroup section */
		56F86B2ED6CA1952188DA278 /* Frameworks */ = {
			isa = PBXGroup;
			children = (
				3307BE2BB098774673DD9F24 /* libPods-StudyOC.a */,
			);
			name = Frameworks;
			sourceTree = "<group>";
		};
		67B23AE23695D8E2465FF48A /* Pods */ = {
			isa = PBXGroup;
			children = (
				8EF50E17A6D7C96A811DE969 /* Pods-StudyOC.debug.xcconfig */,
				A6BBE460DEA79AF3415BF643 /* Pods-StudyOC.release.xcconfig */,
			);
			path = Pods;
			sourceTree = "<group>";
		};
		A50340192335B69E00274FCE /* STTagView */ = {
			isa = PBXGroup;
			children = (
				A503401A2335B6B400274FCE /* TagView.h */,
				A503401B2335B6B400274FCE /* TagView.m */,
			);
			path = STTagView;
			sourceTree = "<group>";
		};
		A503401D2335C2FF00274FCE /* BossHeaderView */ = {
			isa = PBXGroup;
			children = (
				A50340222335C30900274FCE /* BossHeaderView.h */,
				A50340212335C30900274FCE /* BossHeaderView.m */,
				A503401E2335C2FF00274FCE /* DRFrashLayer.h */,
				A503401F2335C2FF00274FCE /* DRFrashLayer.m */,
			);
			path = BossHeaderView;
			sourceTree = "<group>";
		};
		A50340242335D09200274FCE /* STHeaderIconListView */ = {
			isa = PBXGroup;
			children = (
				A50340252335D0D200274FCE /* STHeaderIconListView.h */,
				A50340262335D0D200274FCE /* STHeaderIconListView.m */,
			);
			path = STHeaderIconListView;
			sourceTree = "<group>";
		};
		A5039CBF232094A400B69CED /* Global */ = {
			isa = PBXGroup;
			children = (
				A5039CBE2320948B00B69CED /* STheader.h */,
				A5860789231FABDF00D8094B /* STPrefixHeader.pch */,
				A5039CC623209E4500B69CED /* STDefineMacros.h */,
				A5FC9ABA233368A3002F2B05 /* STConstStringClass.h */,
				A5FC9ABB233368A3002F2B05 /* STConstStringClass.m */,
				A503A618233864D900155D9B /* STCommonVariable.h */,
			);
			path = Global;
			sourceTree = "<group>";
		};
		A509BCDD232A4AA300C6CAE1 /* ButtonRepeatEventInterval */ = {
			isa = PBXGroup;
			children = (
				A509BCDF232A4ABC00C6CAE1 /* UIButton+RepeatEventInterval.h */,
				A509BCDE232A4ABC00C6CAE1 /* UIButton+RepeatEventInterval.m */,
			);
			path = ButtonRepeatEventInterval;
			sourceTree = "<group>";
		};
		A51FB84E231F3DD900D818A8 = {
			isa = PBXGroup;
			children = (
				A51FB859231F3DD900D818A8 /* StudyOC */,
				A51FB858231F3DD900D818A8 /* Products */,
				67B23AE23695D8E2465FF48A /* Pods */,
				56F86B2ED6CA1952188DA278 /* Frameworks */,
			);
			sourceTree = "<group>";
		};
		A51FB858231F3DD900D818A8 /* Products */ = {
			isa = PBXGroup;
			children = (
				A51FB857231F3DD900D818A8 /* StudyOC.app */,
			);
			name = Products;
			sourceTree = "<group>";
		};
		A51FB859231F3DD900D818A8 /* StudyOC */ = {
			isa = PBXGroup;
			children = (
				A52232172320B64700DE413E /* StudyOC.entitlements */,
				A51FB870231F3EA100D818A8 /* Classes */,
				A51FB860231F3DD900D818A8 /* Main.storyboard */,
				A51FB863231F3DDA00D818A8 /* Assets.xcassets */,
				A51FB865231F3DDA00D818A8 /* LaunchScreen.storyboard */,
				A51FB868231F3DDA00D818A8 /* Info.plist */,
				A51FB869231F3DDA00D818A8 /* main.m */,
			);
			path = StudyOC;
			sourceTree = "<group>";
		};
		A51FB870231F3EA100D818A8 /* Classes */ = {
			isa = PBXGroup;
			children = (
				A5039CBF232094A400B69CED /* Global */,
				A5FA18292326430000FEB9D3 /* Third */,
				A52232202320E0EE00DE413E /* Tools */,
				A522321F2320DF4700DE413E /* Home */,
				A51FB878231F463000D818A8 /* Tabbar */,
				A51FB871231F42E800D818A8 /* Base */,
				A51FB85A231F3DD900D818A8 /* AppDelegate.h */,
				A51FB85B231F3DD900D818A8 /* AppDelegate.m */,
			);
			path = Classes;
			sourceTree = "<group>";
		};
		A51FB871231F42E800D818A8 /* Base */ = {
			isa = PBXGroup;
			children = (
				A51FD1A92322641300C125C9 /* STKWWebViewController.h */,
				A51FD1AA2322641300C125C9 /* STKWWebViewController.m */,
				A5039CC3232095FA00B69CED /* STBaseTableViewController.h */,
				A5039CC4232095FA00B69CED /* STBaseTableViewController.m */,
				A51FB875231F438B00D818A8 /* STBaseViewController.h */,
				A51FB876231F438B00D818A8 /* STBaseViewController.m */,
				A5039CC02320958F00B69CED /* STBaseNav.h */,
				A5039CC12320958F00B69CED /* STBaseNav.m */,
				A5A17DD12328A152000B707B /* STBaseModel.h */,
				A5A17DD22328A152000B707B /* STBaseModel.m */,
			);
			path = Base;
			sourceTree = "<group>";
		};
		A51FB878231F463000D818A8 /* Tabbar */ = {
			isa = PBXGroup;
			children = (
				A51FB87C231F46A900D818A8 /* STTabBarViewController.h */,
				A51FB87D231F46A900D818A8 /* STTabBarViewController.m */,
			);
			path = Tabbar;
			sourceTree = "<group>";
		};
		A522321F2320DF4700DE413E /* Home */ = {
			isa = PBXGroup;
			children = (
				A5A17DCD23288E2D000B707B /* ViewController */,
				A55B00B22331C88E006AB1E9 /* View */,
				A5FB54CA232F75AC00223BC8 /* Social */,
				A5FB54C8232F73CE00223BC8 /* Chat */,
				A5FB54C3232F736C00223BC8 /* PersonalCenter */,
				A5A17DD42328A196000B707B /* Model */,
			);
			path = Home;
			sourceTree = "<group>";
		};
		A52232202320E0EE00DE413E /* Tools */ = {
			isa = PBXGroup;
			children = (
				A5FA18212326331200FEB9D3 /* HttpResquest */,
				A55B00CF233232F1006AB1E9 /* Category */,
				A509BCDD232A4AA300C6CAE1 /* ButtonRepeatEventInterval */,
				A5FC1BCF2329CEB500431E3A /* PlistManager */,
				A5FA1825232634DC00FEB9D3 /* MBProgressHUD(ST) */,
				A52232212320E0F800DE413E /* PrintPathTools */,
			);
			path = Tools;
			sourceTree = "<group>";
		};
		A52232212320E0F800DE413E /* PrintPathTools */ = {
			isa = PBXGroup;
			children = (
				A52232252320E0F800DE413E /* NSObject+EverGesturePath.h */,
				A52232222320E0F800DE413E /* NSObject+EverGesturePath.m */,
				A52232262320E0F800DE413E /* UIViewController+EverPath.h */,
				A52232232320E0F800DE413E /* UIViewController+EverPath.m */,
				A52232242320E0F800DE413E /* UIControl+EverPath.h */,
				A52232272320E0F800DE413E /* UIControl+EverPath.m */,
			);
			path = PrintPathTools;
			sourceTree = "<group>";
		};
		A543847323347C86005CDA49 /* UITableViewCell */ = {
			isa = PBXGroup;
			children = (
				A543847423347D2C005CDA49 /* BaseTableviewCell */,
				A54384A02334AC6F005CDA49 /* STRecommendTopTableViewCell.h */,
				A54384A12334AC6F005CDA49 /* STRecommendTopTableViewCell.m */,
				A543849A23348025005CDA49 /* STRecommenVideoTableViewCell.h */,
				A543849B23348025005CDA49 /* STRecommenVideoTableViewCell.m */,
				A543849D2334ABAD005CDA49 /* STPopularitylistTableViewCell.h */,
				A543849E2334ABAD005CDA49 /* STPopularitylistTableViewCell.m */,
			);
			path = UITableViewCell;
			sourceTree = "<group>";
		};
		A543847423347D2C005CDA49 /* BaseTableviewCell */ = {
			isa = PBXGroup;
			children = (
				A543847523347D5D005CDA49 /* STBaseTableViewCell.h */,
				A543847623347D5D005CDA49 /* STBaseTableViewCell.m */,
			);
			path = BaseTableviewCell;
			sourceTree = "<group>";
		};
		A543847823347F7F005CDA49 /* TYAttributedLabel */ = {
			isa = PBXGroup;
			children = (
				A543847923347F7F005CDA49 /* TYAttributedLabel.h */,
				A543847A23347F7F005CDA49 /* TYLinkTextStorage.m */,
				A543847B23347F7F005CDA49 /* TYDrawStorage.m */,
				A543847C23347F7F005CDA49 /* TYViewStorage.m */,
				A543847D23347F7F005CDA49 /* TYImageStorage.m */,
				A543847E23347F7F005CDA49 /* TYTextContainer.h */,
				A543847F23347F7F005CDA49 /* NSMutableAttributedString+TY.m */,
				A543848023347F7F005CDA49 /* TYImageCache.m */,
				A543848123347F7F005CDA49 /* TYTextStorage.m */,
				A543848223347F7F005CDA49 /* TYAttributedLabel.m */,
				A543848323347F7F005CDA49 /* TYLinkTextStorage.h */,
				A543848423347F7F005CDA49 /* TYTextStorageProtocol.h */,
				A543848523347F7F005CDA49 /* TYViewStorage.h */,
				A543848623347F7F005CDA49 /* TYImageStorage.h */,
				A543848723347F7F005CDA49 /* TYDrawStorage.h */,
				A543848823347F7F005CDA49 /* TYTextStorage.h */,
				A543848923347F7F005CDA49 /* TYTextContainer+Extended.m */,
				A543848A23347F7F005CDA49 /* TYImageCache.h */,
				A543848B23347F7F005CDA49 /* NSMutableAttributedString+TY.h */,
				A543848C23347F7F005CDA49 /* TYTextContainer.m */,
			);
			path = TYAttributedLabel;
			sourceTree = "<group>";
		};
		A54384A32334B93B005CDA49 /* UICollectionVeiwCell */ = {
			isa = PBXGroup;
			children = (
				A54384A42334B967005CDA49 /* STBaseCollectionViewCell.h */,
				A54384A52334B967005CDA49 /* STBaseCollectionViewCell.m */,
			);
			path = UICollectionVeiwCell;
			sourceTree = "<group>";
		};
		A55B00B22331C88E006AB1E9 /* View */ = {
			isa = PBXGroup;
			children = (
				A50340242335D09200274FCE /* STHeaderIconListView */,
				A50340192335B69E00274FCE /* STTagView */,
				A54384A32334B93B005CDA49 /* UICollectionVeiwCell */,
				A543847823347F7F005CDA49 /* TYAttributedLabel */,
				A543847323347C86005CDA49 /* UITableViewCell */,
				A5FC9AA0233319A5002F2B05 /* KKNavTitleView */,
				A55B013B2332365B006AB1E9 /* KKSearchBar */,
			);
			path = View;
			sourceTree = "<group>";
		};
		A55B00CF233232F1006AB1E9 /* Category */ = {
			isa = PBXGroup;
			children = (
				A5FC9AAF23332D64002F2B05 /* UIButton */,
				A5FC9AAB23332C77002F2B05 /* NSString */,
				A5FC9A99233314D2002F2B05 /* UIImage */,
				A55B011023323447006AB1E9 /* KKPush */,
				A55B011923323447006AB1E9 /* NSArray */,
				A55B00F323323447006AB1E9 /* NSData */,
				A55B011F23323447006AB1E9 /* NSDate */,
				A55B010A23323447006AB1E9 /* NSNumber */,
				A55B00E223323446006AB1E9 /* UIKit+Standard */,
				A55B00DF23323446006AB1E9 /* UILabel */,
				A55B011C23323447006AB1E9 /* UIPanGestureRecognizer */,
				A55B00ED23323446006AB1E9 /* UIScrollView */,
				A55B011323323447006AB1E9 /* UISearchBar */,
				A55B00F623323447006AB1E9 /* UIView */,
				A55B00D7233232F1006AB1E9 /* UIImage+Image.h */,
				A55B00D2233232F1006AB1E9 /* UIImage+Image.m */,
				A55B00D9233232F1006AB1E9 /* UITextField+Placeholder.h */,
				A55B00D4233232F1006AB1E9 /* UITextField+Placeholder.m */,
				A55B00D5233232F1006AB1E9 /* UIImage+Antialias.h */,
				A55B00D0233232F1006AB1E9 /* UIImage+Antialias.m */,
				A55B00D3233232F1006AB1E9 /* UIBarButtonItem+Item.h */,
				A55B00D6233232F1006AB1E9 /* UIBarButtonItem+Item.m */,
				A5FC9AB82333548B002F2B05 /* UITabBar+HNTabber.h */,
				A5FC9AB72333548B002F2B05 /* UITabBar+HNTabber.m */,
			);
			path = Category;
			sourceTree = "<group>";
		};
		A55B00DF23323446006AB1E9 /* UILabel */ = {
			isa = PBXGroup;
			children = (
				A55B00E023323446006AB1E9 /* UILabel+KKClickable.m */,
				A55B00E123323446006AB1E9 /* UILabel+KKClickable.h */,
			);
			path = UILabel;
			sourceTree = "<group>";
		};
		A55B00E223323446006AB1E9 /* UIKit+Standard */ = {
			isa = PBXGroup;
			children = (
				A55B00E323323446006AB1E9 /* UIKit+Standard.h */,
				A55B00E423323446006AB1E9 /* UIFont+Standard.h */,
				A55B00E523323446006AB1E9 /* UIColor+Standard.h */,
				A55B00E723323446006AB1E9 /* UIColor+Standard.m */,
				A55B00E623323446006AB1E9 /* UIFont+Standard.m */,
			);
			path = "UIKit+Standard";
			sourceTree = "<group>";
		};
		A55B00ED23323446006AB1E9 /* UIScrollView */ = {
			isa = PBXGroup;
			children = (
				A55B00EE23323446006AB1E9 /* UIScrollView+KKFinger.m */,
				A55B00EF23323446006AB1E9 /* UIScrollView+KKFinger.h */,
			);
			path = UIScrollView;
			sourceTree = "<group>";
		};
		A55B00F323323447006AB1E9 /* NSData */ = {
			isa = PBXGroup;
			children = (
				A55B00F423323447006AB1E9 /* NSData+CRC32.h */,
				A55B00F523323447006AB1E9 /* NSData+CRC32.m */,
			);
			path = NSData;
			sourceTree = "<group>";
		};
		A55B00F623323447006AB1E9 /* UIView */ = {
			isa = PBXGroup;
			children = (
				A5FC9ABE23337123002F2B05 /* UIButton+Badge.h */,
				A5FC9ABD23337123002F2B05 /* UIButton+Badge.m */,
				A55B00FC23323447006AB1E9 /* UIView+Geometry.h */,
				A55B00F723323447006AB1E9 /* UIView+Geometry.m */,
				A55B00FD23323447006AB1E9 /* UIView+Border.h */,
				A55B00F923323447006AB1E9 /* UIView+Border.m */,
				A55B00F823323447006AB1E9 /* UIView+GestureRecognizer.h */,
				A55B00FE23323447006AB1E9 /* UIView+GestureRecognizer.m */,
				A55B00FB23323447006AB1E9 /* UIView+Masonry.h */,
				A55B00FF23323447006AB1E9 /* UIView+Masonry.m */,
				A55B00D8233232F1006AB1E9 /* UIView+frame.h */,
				A55B00D1233232F1006AB1E9 /* UIView+frame.m */,
			);
			path = UIView;
			sourceTree = "<group>";
		};
		A55B010A23323447006AB1E9 /* NSNumber */ = {
			isa = PBXGroup;
			children = (
				A55B010B23323447006AB1E9 /* NSNumber+KK.h */,
				A55B010C23323447006AB1E9 /* NSNumber+KK.m */,
			);
			path = NSNumber;
			sourceTree = "<group>";
		};
		A55B011023323447006AB1E9 /* KKPush */ = {
			isa = PBXGroup;
			children = (
				A55B011123323447006AB1E9 /* AppDelegate+KKPush.m */,
				A55B011223323447006AB1E9 /* AppDelegate+KKPush.h */,
			);
			path = KKPush;
			sourceTree = "<group>";
		};
		A55B011323323447006AB1E9 /* UISearchBar */ = {
			isa = PBXGroup;
			children = (
				A55B011423323447006AB1E9 /* UISearchBar+Custom.m */,
				A55B011523323447006AB1E9 /* UISearchBar+Custom.h */,
			);
			path = UISearchBar;
			sourceTree = "<group>";
		};
		A55B011923323447006AB1E9 /* NSArray */ = {
			isa = PBXGroup;
			children = (
				A55B011A23323447006AB1E9 /* NSArray+Safe.h */,
				A55B011B23323447006AB1E9 /* NSArray+Safe.m */,
			);
			path = NSArray;
			sourceTree = "<group>";
		};
		A55B011C23323447006AB1E9 /* UIPanGestureRecognizer */ = {
			isa = PBXGroup;
			children = (
				A55B011D23323447006AB1E9 /* UIPanGestureRecognizer+Position.m */,
				A55B011E23323447006AB1E9 /* UIPanGestureRecognizer+Position.h */,
			);
			path = UIPanGestureRecognizer;
			sourceTree = "<group>";
		};
		A55B011F23323447006AB1E9 /* NSDate */ = {
			isa = PBXGroup;
			children = (
				A55B012023323447006AB1E9 /* NSDate+KK.h */,
				A55B012123323447006AB1E9 /* NSDate+KK.m */,
			);
			path = NSDate;
			sourceTree = "<group>";
		};
		A55B013B2332365B006AB1E9 /* KKSearchBar */ = {
			isa = PBXGroup;
			children = (
				A55B013D2332365B006AB1E9 /* KKSearchBar.h */,
				A55B013C2332365B006AB1E9 /* KKSearchBar.m */,
			);
			path = KKSearchBar;
			sourceTree = "<group>";
		};
		A5A17DCD23288E2D000B707B /* ViewController */ = {
			isa = PBXGroup;
			children = (
				A5FC9AA1233325C8002F2B05 /* TopVc */,
				A5FC9A90233308E9002F2B05 /* STFSHomeTopTabViewController.h */,
				A5FC9A8F233308E9002F2B05 /* STFSHomeTopTabViewController.m */,
				A59FEC352320A9AE00C60BB5 /* STHomeViewController.h */,
				A59FEC362320A9AE00C60BB5 /* STHomeViewController.m */,
				A5A17DCE23288EDB000B707B /* STChildrenViewController.h */,
				A5A17DCF23288EDB000B707B /* STChildrenViewController.m */,
			);
			path = ViewController;
			sourceTree = "<group>";
		};
		A5A17DD42328A196000B707B /* Model */ = {
			isa = PBXGroup;
			children = (
				A5A17DD52328A1EB000B707B /* STChildrenModel.h */,
				A5A17DD62328A1EB000B707B /* STChildrenModel.m */,
			);
			path = Model;
			sourceTree = "<group>";
		};
		A5FA18212326331200FEB9D3 /* HttpResquest */ = {
			isa = PBXGroup;
			children = (
				A5FA18222326335C00FEB9D3 /* STHttpResquest.h */,
				A5FA18232326335C00FEB9D3 /* STHttpResquest.m */,
			);
			path = HttpResquest;
			sourceTree = "<group>";
		};
		A5FA1825232634DC00FEB9D3 /* MBProgressHUD(ST) */ = {
			isa = PBXGroup;
			children = (
				A5FA18272326353800FEB9D3 /* MBManager.h */,
				A5FA18262326353800FEB9D3 /* MBManager.m */,
			);
			path = "MBProgressHUD(ST)";
			sourceTree = "<group>";
		};
		A5FA18292326430000FEB9D3 /* Third */ = {
			isa = PBXGroup;
			children = (
				A503401D2335C2FF00274FCE /* BossHeaderView */,
				A5FB9A5F233072CE0014E16B /* YNPageViewController */,
				A5FA182A2326432400FEB9D3 /* FSScrollContentViewLib */,
			);
			path = Third;
			sourceTree = "<group>";
		};
		A5FA182A2326432400FEB9D3 /* FSScrollContentViewLib */ = {
			isa = PBXGroup;
			children = (
				A5FA182D2326432400FEB9D3 /* FSScrollContentView.h */,
				A5FA182C2326432400FEB9D3 /* FSPageContentView.h */,
				A5FA182E2326432400FEB9D3 /* FSPageContentView.m */,
				A5FA182F2326432400FEB9D3 /* FSSegmentTitleView.h */,
				A5FA182B2326432400FEB9D3 /* FSSegmentTitleView.m */,
			);
			path = FSScrollContentViewLib;
			sourceTree = "<group>";
		};
		A5FB54C3232F736C00223BC8 /* PersonalCenter */ = {
			isa = PBXGroup;
			children = (
				A5FB54C4232F738900223BC8 /* Controller */,
			);
			path = PersonalCenter;
			sourceTree = "<group>";
		};
		A5FB54C4232F738900223BC8 /* Controller */ = {
			isa = PBXGroup;
			children = (
				A5FB54C5232F73AC00223BC8 /* STPersonalCenterViewController.h */,
				A5FB54C6232F73AC00223BC8 /* STPersonalCenterViewController.m */,
			);
			path = Controller;
			sourceTree = "<group>";
		};
		A5FB54C8232F73CE00223BC8 /* Chat */ = {
			isa = PBXGroup;
			children = (
				A5FB54C9232F742A00223BC8 /* Controller */,
			);
			path = Chat;
			sourceTree = "<group>";
		};
		A5FB54C9232F742A00223BC8 /* Controller */ = {
			isa = PBXGroup;
			children = (
				A5EEFE5B232344AF0039F25C /* STChatViewController.h */,
				A5EEFE5C232344AF0039F25C /* STChatViewController.m */,
			);
			path = Controller;
			sourceTree = "<group>";
		};
		A5FB54CA232F75AC00223BC8 /* Social */ = {
			isa = PBXGroup;
			children = (
				A5EEFE582323449B0039F25C /* STSocialViewController.h */,
				A5EEFE592323449B0039F25C /* STSocialViewController.m */,
			);
			path = Social;
			sourceTree = "<group>";
		};
		A5FB9A5F233072CE0014E16B /* YNPageViewController */ = {
			isa = PBXGroup;
			children = (
				A5FB9A60233072CE0014E16B /* Category */,
				A5FB9A67233072CE0014E16B /* YNPageViewController.m */,
				A5FB9A68233072CE0014E16B /* YNPageConfigration.m */,
				A5FB9A69233072CE0014E16B /* View */,
				A5FB9A74233072CE0014E16B /* YNPageConfigration.h */,
				A5FB9A75233072CE0014E16B /* YNPageViewController.h */,
			);
			path = YNPageViewController;
			sourceTree = "<group>";
		};
		A5FB9A60233072CE0014E16B /* Category */ = {
			isa = PBXGroup;
			children = (
				A5FB9A61233072CE0014E16B /* UIViewController+YNPageExtend.m */,
				A5FB9A62233072CE0014E16B /* UIView+YNPageExtend.m */,
				A5FB9A63233072CE0014E16B /* UIScrollView+YNPageExtend.h */,
				A5FB9A64233072CE0014E16B /* UIView+YNPageExtend.h */,
				A5FB9A65233072CE0014E16B /* UIViewController+YNPageExtend.h */,
				A5FB9A66233072CE0014E16B /* UIScrollView+YNPageExtend.m */,
			);
			path = Category;
			sourceTree = "<group>";
		};
		A5FB9A69233072CE0014E16B /* View */ = {
			isa = PBXGroup;
			children = (
				A5FB9A6A233072CE0014E16B /* YNPageHeaderScrollView.h */,
				A5FB9A6B233072CE0014E16B /* YNPageTableView.m */,
				A5FB9A6C233072CE0014E16B /* YNPageCollectionView.h */,
				A5FB9A6D233072CE0014E16B /* YNPageScrollMenuView.h */,
				A5FB9A6E233072CE0014E16B /* YNPageScrollView.m */,
				A5FB9A6F233072CE0014E16B /* YNPageHeaderScrollView.m */,
				A5FB9A70233072CE0014E16B /* YNPageCollectionView.m */,
				A5FB9A71233072CE0014E16B /* YNPageTableView.h */,
				A5FB9A72233072CE0014E16B /* YNPageScrollMenuView.m */,
				A5FB9A73233072CE0014E16B /* YNPageScrollView.h */,
			);
			path = View;
			sourceTree = "<group>";
		};
		A5FC1BCF2329CEB500431E3A /* PlistManager */ = {
			isa = PBXGroup;
			children = (
				A5FC1BD02329CEB500431E3A /* XXFileManger.h */,
				A5FC1BD12329CEB500431E3A /* XXFileManger.m */,
			);
			name = PlistManager;
			path = ../../../../../../Downloads/YuJianPro/YuJianPro/Tools/PlistManager;
			sourceTree = "<group>";
		};
		A5FC9A99233314D2002F2B05 /* UIImage */ = {
			isa = PBXGroup;
			children = (
				A5FC9A9E23331531002F2B05 /* UIImageView+CornerRadius.h */,
				A5FC9A9D23331531002F2B05 /* UIImageView+CornerRadius.m */,
				A5FC9A9A233314D2002F2B05 /* UIImage+Extend.h */,
				A5FC9A9B233314D2002F2B05 /* UIImage+Extend.m */,
			);
			path = UIImage;
			sourceTree = "<group>";
		};
		A5FC9AA0233319A5002F2B05 /* KKNavTitleView */ = {
			isa = PBXGroup;
			children = (
				A55B00B42331C897006AB1E9 /* KKNavTitleView.h */,
				A55B00B32331C897006AB1E9 /* KKNavTitleView.m */,
			);
			path = KKNavTitleView;
			sourceTree = "<group>";
		};
		A5FC9AA1233325C8002F2B05 /* TopVc */ = {
			isa = PBXGroup;
			children = (
				A5FC9AA2233325FB002F2B05 /* STMyHomeViewController.h */,
				A5FC9AA3233325FB002F2B05 /* STMyHomeViewController.m */,
				A5FC9AA523332631002F2B05 /* STRecommendViewController.h */,
				A5FC9AA623332631002F2B05 /* STRecommendViewController.m */,
				A5FC9AA823332649002F2B05 /* STZhengZhouViewController.h */,
				A5FC9AA923332649002F2B05 /* STZhengZhouViewController.m */,
				A5FC9AC0233376BB002F2B05 /* STRankingListViewController.h */,
				A5FC9AC1233376BB002F2B05 /* STRankingListViewController.m */,
				A5FC9AC3233376D1002F2B05 /* STTagHomeTopViewController.h */,
				A5FC9AC4233376D1002F2B05 /* STTagHomeTopViewController.m */,
			);
			path = TopVc;
			sourceTree = "<group>";
		};
		A5FC9AAB23332C77002F2B05 /* NSString */ = {
			isa = PBXGroup;
			children = (
				A5FC9AAC23332C77002F2B05 /* NSString+Time.h */,
				A5FC9AAD23332C77002F2B05 /* NSString+Time.m */,
			);
			name = NSString;
			path = "../../../../../../Demo/KKToydayNews-master/KKToydayNews/Class/Category/NSString";
			sourceTree = "<group>";
		};
		A5FC9AAF23332D64002F2B05 /* UIButton */ = {
			isa = PBXGroup;
			children = (
				A5FC9AB123332D64002F2B05 /* UIButton+KK.h */,
				A5FC9AB023332D64002F2B05 /* UIButton+KK.m */,
				A5FC9AB323332F14002F2B05 /* KKSection */,
			);
			name = UIButton;
			path = "../../../../../../Demo/KKToydayNews-master/KKToydayNews/Class/Category/UIButton";
			sourceTree = "<group>";
		};
		A5FC9AB323332F14002F2B05 /* KKSection */ = {
			isa = PBXGroup;
			children = (
				A5FC9AB423332F14002F2B05 /* KKSectionItem.h */,
				A5FC9AB523332F14002F2B05 /* KKSectionItem.m */,
			);
			path = KKSection;
			sourceTree = "<group>";
		};
/* End PBXGroup section */

/* Begin PBXNativeTarget section */
		A51FB856231F3DD900D818A8 /* StudyOC */ = {
			isa = PBXNativeTarget;
			buildConfigurationList = A51FB86D231F3DDA00D818A8 /* Build configuration list for PBXNativeTarget "StudyOC" */;
			buildPhases = (
				B95314E45F33CD272B02E214 /* [CP] Check Pods Manifest.lock */,
				A51FB853231F3DD900D818A8 /* Sources */,
				A51FB854231F3DD900D818A8 /* Frameworks */,
				A51FB855231F3DD900D818A8 /* Resources */,
				063DC13A3DA4125AED597F9A /* [CP] Copy Pods Resources */,
			);
			buildRules = (
			);
			dependencies = (
			);
			name = StudyOC;
			productName = StudyOC;
			productReference = A51FB857231F3DD900D818A8 /* StudyOC.app */;
			productType = "com.apple.product-type.application";
		};
/* End PBXNativeTarget section */

/* Begin PBXProject section */
		A51FB84F231F3DD900D818A8 /* Project object */ = {
			isa = PBXProject;
			attributes = {
				CLASSPREFIX = ST;
				LastUpgradeCheck = 1020;
				ORGANIZATIONNAME = "研学旅行";
				TargetAttributes = {
					A51FB856231F3DD900D818A8 = {
						CreatedOnToolsVersion = 10.2;
						SystemCapabilities = {
							com.apple.Push = {
								enabled = 0;
							};
						};
					};
				};
			};
			buildConfigurationList = A51FB852231F3DD900D818A8 /* Build configuration list for PBXProject "StudyOC" */;
			compatibilityVersion = "Xcode 9.3";
			developmentRegion = en;
			hasScannedForEncodings = 0;
			knownRegions = (
				en,
				Base,
			);
			mainGroup = A51FB84E231F3DD900D818A8;
			productRefGroup = A51FB858231F3DD900D818A8 /* Products */;
			projectDirPath = "";
			projectRoot = "";
			targets = (
				A51FB856231F3DD900D818A8 /* StudyOC */,
			);
		};
/* End PBXProject section */

/* Begin PBXResourcesBuildPhase section */
		A51FB855231F3DD900D818A8 /* Resources */ = {
			isa = PBXResourcesBuildPhase;
			buildActionMask = 2147483647;
			files = (
				A51FB867231F3DDA00D818A8 /* LaunchScreen.storyboard in Resources */,
				A51FB864231F3DDA00D818A8 /* Assets.xcassets in Resources */,
				A51FB862231F3DD900D818A8 /* Main.storyboard in Resources */,
			);
			runOnlyForDeploymentPostprocessing = 0;
		};
/* End PBXResourcesBuildPhase section */

/* Begin PBXShellScriptBuildPhase section */
		063DC13A3DA4125AED597F9A /* [CP] Copy Pods Resources */ = {
			isa = PBXShellScriptBuildPhase;
			buildActionMask = 2147483647;
			files = (
			);
			inputFileListPaths = (
				"${PODS_ROOT}/Target Support Files/Pods-StudyOC/Pods-StudyOC-resources-${CONFIGURATION}-input-files.xcfilelist",
			);
			name = "[CP] Copy Pods Resources";
			outputFileListPaths = (
				"${PODS_ROOT}/Target Support Files/Pods-StudyOC/Pods-StudyOC-resources-${CONFIGURATION}-output-files.xcfilelist",
			);
			runOnlyForDeploymentPostprocessing = 0;
			shellPath = /bin/sh;
			shellScript = "\"${PODS_ROOT}/Target Support Files/Pods-StudyOC/Pods-StudyOC-resources.sh\"\n";
			showEnvVarsInLog = 0;
		};
		B95314E45F33CD272B02E214 /* [CP] Check Pods Manifest.lock */ = {
			isa = PBXShellScriptBuildPhase;
			buildActionMask = 2147483647;
			files = (
			);
			inputFileListPaths = (
			);
			inputPaths = (
				"${PODS_PODFILE_DIR_PATH}/Podfile.lock",
				"${PODS_ROOT}/Manifest.lock",
			);
			name = "[CP] Check Pods Manifest.lock";
			outputFileListPaths = (
			);
			outputPaths = (
				"$(DERIVED_FILE_DIR)/Pods-StudyOC-checkManifestLockResult.txt",
			);
			runOnlyForDeploymentPostprocessing = 0;
			shellPath = /bin/sh;
			shellScript = "diff \"${PODS_PODFILE_DIR_PATH}/Podfile.lock\" \"${PODS_ROOT}/Manifest.lock\" > /dev/null\nif [ $? != 0 ] ; then\n    # print error to STDERR\n    echo \"error: The sandbox is not in sync with the Podfile.lock. Run 'pod install' or update your CocoaPods installation.\" >&2\n    exit 1\nfi\n# This output is used by Xcode 'outputs' to avoid re-running this script phase.\necho \"SUCCESS\" > \"${SCRIPT_OUTPUT_FILE_0}\"\n";
			showEnvVarsInLog = 0;
		};
/* End PBXShellScriptBuildPhase section */

/* Begin PBXSourcesBuildPhase section */
		A51FB853231F3DD900D818A8 /* Sources */ = {
			isa = PBXSourcesBuildPhase;
			buildActionMask = 2147483647;
			files = (
				A5FB9A7F233072CE0014E16B /* YNPageScrollMenuView.m in Sources */,
				A543849523347F7F005CDA49 /* TYTextContainer+Extended.m in Sources */,
				A5FC1BD22329CEB500431E3A /* XXFileManger.m in Sources */,
				A522322A2320E0F800DE413E /* UIControl+EverPath.m in Sources */,
				A55B013A23323447006AB1E9 /* NSDate+KK.m in Sources */,
				A5FB9A77233072CE0014E16B /* UIView+YNPageExtend.m in Sources */,
				A55B00DA233232F1006AB1E9 /* UIImage+Antialias.m in Sources */,
				A5FB9A7E233072CE0014E16B /* YNPageCollectionView.m in Sources */,
				A5FC9AA723332631002F2B05 /* STRecommendViewController.m in Sources */,
				A55B012423323447006AB1E9 /* UIColor+Standard.m in Sources */,
				A55B012923323447006AB1E9 /* NSData+CRC32.m in Sources */,
				A5FC9AC2233376BB002F2B05 /* STRankingListViewController.m in Sources */,
				A51FB86A231F3DDA00D818A8 /* main.m in Sources */,
				A5FC9AAE23332C77002F2B05 /* NSString+Time.m in Sources */,
				A543847723347D5D005CDA49 /* STBaseTableViewCell.m in Sources */,
				A5FA18282326353800FEB9D3 /* MBManager.m in Sources */,
				A5FA18242326335C00FEB9D3 /* STHttpResquest.m in Sources */,
				A55B012C23323447006AB1E9 /* UIView+GestureRecognizer.m in Sources */,
				A55B012D23323447006AB1E9 /* UIView+Masonry.m in Sources */,
				A51FB87E231F46A900D818A8 /* STTabBarViewController.m in Sources */,
				A55B00DB233232F1006AB1E9 /* UIView+frame.m in Sources */,
				A5EEFE5D232344AF0039F25C /* STChatViewController.m in Sources */,
				A51FB85C231F3DD900D818A8 /* AppDelegate.m in Sources */,
				A5EEFE5A2323449B0039F25C /* STSocialViewController.m in Sources */,
				A5FC9A91233308E9002F2B05 /* STFSHomeTopTabViewController.m in Sources */,
				A5FB9A7D233072CE0014E16B /* YNPageHeaderScrollView.m in Sources */,
				A5FB9A7C233072CE0014E16B /* YNPageScrollView.m in Sources */,
				A5FB9A78233072CE0014E16B /* UIScrollView+YNPageExtend.m in Sources */,
				A543849C23348025005CDA49 /* STRecommenVideoTableViewCell.m in Sources */,
				A55B00B52331C897006AB1E9 /* KKNavTitleView.m in Sources */,
				A5FB9A76233072CE0014E16B /* UIViewController+YNPageExtend.m in Sources */,
				A543848F23347F7F005CDA49 /* TYViewStorage.m in Sources */,
				A5FA18302326432500FEB9D3 /* FSSegmentTitleView.m in Sources */,
				A55B00DE233232F1006AB1E9 /* UIBarButtonItem+Item.m in Sources */,
				A5A17DD32328A152000B707B /* STBaseModel.m in Sources */,
				A55B013623323447006AB1E9 /* UISearchBar+Custom.m in Sources */,
				A51FD1AB2322641400C125C9 /* STKWWebViewController.m in Sources */,
				A543849423347F7F005CDA49 /* TYAttributedLabel.m in Sources */,
				A55B012323323447006AB1E9 /* UIFont+Standard.m in Sources */,
				A5039CC5232095FA00B69CED /* STBaseTableViewController.m in Sources */,
				A543849623347F7F005CDA49 /* TYTextContainer.m in Sources */,
				A55B013E2332365B006AB1E9 /* KKSearchBar.m in Sources */,
				A543849123347F7F005CDA49 /* NSMutableAttributedString+TY.m in Sources */,
				A5FC9A9F23331531002F2B05 /* UIImageView+CornerRadius.m in Sources */,
				A55B013523323447006AB1E9 /* AppDelegate+KKPush.m in Sources */,
				A55B012A23323447006AB1E9 /* UIView+Geometry.m in Sources */,
				A543848D23347F7F005CDA49 /* TYLinkTextStorage.m in Sources */,
				A54384A62334B967005CDA49 /* STBaseCollectionViewCell.m in Sources */,
				A5FA18312326432500FEB9D3 /* FSPageContentView.m in Sources */,
				A5FC9AA4233325FB002F2B05 /* STMyHomeViewController.m in Sources */,
				A543849323347F7F005CDA49 /* TYTextStorage.m in Sources */,
				A503401C2335B6B400274FCE /* TagView.m in Sources */,
				A55B013923323447006AB1E9 /* UIPanGestureRecognizer+Position.m in Sources */,
				A543849F2334ABAD005CDA49 /* STPopularitylistTableViewCell.m in Sources */,
				A5A17DD72328A1EB000B707B /* STChildrenModel.m in Sources */,
				A543849023347F7F005CDA49 /* TYImageStorage.m in Sources */,
				A5FB9A7B233072CE0014E16B /* YNPageTableView.m in Sources */,
				A5039CC22320958F00B69CED /* STBaseNav.m in Sources */,
				A5FC9ABC233368A3002F2B05 /* STConstStringClass.m in Sources */,
				A543848E23347F7F005CDA49 /* TYDrawStorage.m in Sources */,
				A55B012B23323447006AB1E9 /* UIView+Border.m in Sources */,
				A55B013323323447006AB1E9 /* NSNumber+KK.m in Sources */,
				A5FC9AC5233376D1002F2B05 /* STTagHomeTopViewController.m in Sources */,
				A5FB9A79233072CE0014E16B /* YNPageViewController.m in Sources */,
				A509BCE0232A4ABC00C6CAE1 /* UIButton+RepeatEventInterval.m in Sources */,
				A50340272335D0D200274FCE /* STHeaderIconListView.m in Sources */,
				A54384A22334AC6F005CDA49 /* STRecommendTopTableViewCell.m in Sources */,
				A5FB9A7A233072CE0014E16B /* YNPageConfigration.m in Sources */,
				A5FC9A9C233314D2002F2B05 /* UIImage+Extend.m in Sources */,
				A55B013823323447006AB1E9 /* NSArray+Safe.m in Sources */,
				A59FEC372320A9AE00C60BB5 /* STHomeViewController.m in Sources */,
				A55B00DD233232F1006AB1E9 /* UITextField+Placeholder.m in Sources */,
				A55B00DC233232F1006AB1E9 /* UIImage+Image.m in Sources */,
				A5FC9AB223332D64002F2B05 /* UIButton+KK.m in Sources */,
				A5A17DD023288EDB000B707B /* STChildrenViewController.m in Sources */,
				A55B012723323447006AB1E9 /* UIScrollView+KKFinger.m in Sources */,
				A55B012223323447006AB1E9 /* UILabel+KKClickable.m in Sources */,
				A50340232335C30900274FCE /* BossHeaderView.m in Sources */,
				A5FC9AB623332F14002F2B05 /* KKSectionItem.m in Sources */,
				A52232292320E0F800DE413E /* UIViewController+EverPath.m in Sources */,
				A50340202335C2FF00274FCE /* DRFrashLayer.m in Sources */,
				A52232282320E0F800DE413E /* NSObject+EverGesturePath.m in Sources */,
				A5FC9AB92333548B002F2B05 /* UITabBar+HNTabber.m in Sources */,
				A543849223347F7F005CDA49 /* TYImageCache.m in Sources */,
				A5FB54C7232F73AC00223BC8 /* STPersonalCenterViewController.m in Sources */,
				A51FB877231F438B00D818A8 /* STBaseViewController.m in Sources */,
				A5FC9ABF23337123002F2B05 /* UIButton+Badge.m in Sources */,
				A5FC9AAA23332649002F2B05 /* STZhengZhouViewController.m in Sources */,
			);
			runOnlyForDeploymentPostprocessing = 0;
		};
/* End PBXSourcesBuildPhase section */

/* Begin PBXVariantGroup section */
		A51FB860231F3DD900D818A8 /* Main.storyboard */ = {
			isa = PBXVariantGroup;
			children = (
				A51FB861231F3DD900D818A8 /* Base */,
			);
			name = Main.storyboard;
			sourceTree = "<group>";
		};
		A51FB865231F3DDA00D818A8 /* LaunchScreen.storyboard */ = {
			isa = PBXVariantGroup;
			children = (
				A51FB866231F3DDA00D818A8 /* Base */,
			);
			name = LaunchScreen.storyboard;
			sourceTree = "<group>";
		};
/* End PBXVariantGroup section */

/* Begin XCBuildConfiguration section */
		A51FB86B231F3DDA00D818A8 /* Debug */ = {
			isa = XCBuildConfiguration;
			buildSettings = {
				ALWAYS_SEARCH_USER_PATHS = NO;
				CLANG_ANALYZER_NONNULL = YES;
				CLANG_ANALYZER_NUMBER_OBJECT_CONVERSION = YES_AGGRESSIVE;
				CLANG_CXX_LANGUAGE_STANDARD = "gnu++14";
				CLANG_CXX_LIBRARY = "libc++";
				CLANG_ENABLE_MODULES = YES;
				CLANG_ENABLE_OBJC_ARC = YES;
				CLANG_ENABLE_OBJC_WEAK = YES;
				CLANG_WARN_BLOCK_CAPTURE_AUTORELEASING = YES;
				CLANG_WARN_BOOL_CONVERSION = YES;
				CLANG_WARN_COMMA = YES;
				CLANG_WARN_CONSTANT_CONVERSION = YES;
				CLANG_WARN_DEPRECATED_OBJC_IMPLEMENTATIONS = YES;
				CLANG_WARN_DIRECT_OBJC_ISA_USAGE = YES_ERROR;
				CLANG_WARN_DOCUMENTATION_COMMENTS = YES;
				CLANG_WARN_EMPTY_BODY = YES;
				CLANG_WARN_ENUM_CONVERSION = YES;
				CLANG_WARN_INFINITE_RECURSION = YES;
				CLANG_WARN_INT_CONVERSION = YES;
				CLANG_WARN_NON_LITERAL_NULL_CONVERSION = YES;
				CLANG_WARN_OBJC_IMPLICIT_RETAIN_SELF = YES;
				CLANG_WARN_OBJC_LITERAL_CONVERSION = YES;
				CLANG_WARN_OBJC_ROOT_CLASS = YES_ERROR;
				CLANG_WARN_RANGE_LOOP_ANALYSIS = YES;
				CLANG_WARN_STRICT_PROTOTYPES = YES;
				CLANG_WARN_SUSPICIOUS_MOVE = YES;
				CLANG_WARN_UNGUARDED_AVAILABILITY = YES_AGGRESSIVE;
				CLANG_WARN_UNREACHABLE_CODE = YES;
				CLANG_WARN__DUPLICATE_METHOD_MATCH = YES;
				CODE_SIGN_IDENTITY = "iPhone Developer";
				COPY_PHASE_STRIP = NO;
				DEBUG_INFORMATION_FORMAT = dwarf;
				ENABLE_STRICT_OBJC_MSGSEND = YES;
				ENABLE_TESTABILITY = YES;
				GCC_C_LANGUAGE_STANDARD = gnu11;
				GCC_DYNAMIC_NO_PIC = NO;
				GCC_NO_COMMON_BLOCKS = YES;
				GCC_OPTIMIZATION_LEVEL = 0;
				GCC_PREPROCESSOR_DEFINITIONS = (
					"DEBUG=1",
					"$(inherited)",
				);
				GCC_WARN_64_TO_32_BIT_CONVERSION = YES;
				GCC_WARN_ABOUT_RETURN_TYPE = YES_ERROR;
				GCC_WARN_UNDECLARED_SELECTOR = YES;
				GCC_WARN_UNINITIALIZED_AUTOS = YES_AGGRESSIVE;
				GCC_WARN_UNUSED_FUNCTION = YES;
				GCC_WARN_UNUSED_VARIABLE = YES;
				IPHONEOS_DEPLOYMENT_TARGET = 12.2;
				MTL_ENABLE_DEBUG_INFO = INCLUDE_SOURCE;
				MTL_FAST_MATH = YES;
				ONLY_ACTIVE_ARCH = YES;
				SDKROOT = iphoneos;
			};
			name = Debug;
		};
		A51FB86C231F3DDA00D818A8 /* Release */ = {
			isa = XCBuildConfiguration;
			buildSettings = {
				ALWAYS_SEARCH_USER_PATHS = NO;
				CLANG_ANALYZER_NONNULL = YES;
				CLANG_ANALYZER_NUMBER_OBJECT_CONVERSION = YES_AGGRESSIVE;
				CLANG_CXX_LANGUAGE_STANDARD = "gnu++14";
				CLANG_CXX_LIBRARY = "libc++";
				CLANG_ENABLE_MODULES = YES;
				CLANG_ENABLE_OBJC_ARC = YES;
				CLANG_ENABLE_OBJC_WEAK = YES;
				CLANG_WARN_BLOCK_CAPTURE_AUTORELEASING = YES;
				CLANG_WARN_BOOL_CONVERSION = YES;
				CLANG_WARN_COMMA = YES;
				CLANG_WARN_CONSTANT_CONVERSION = YES;
				CLANG_WARN_DEPRECATED_OBJC_IMPLEMENTATIONS = YES;
				CLANG_WARN_DIRECT_OBJC_ISA_USAGE = YES_ERROR;
				CLANG_WARN_DOCUMENTATION_COMMENTS = YES;
				CLANG_WARN_EMPTY_BODY = YES;
				CLANG_WARN_ENUM_CONVERSION = YES;
				CLANG_WARN_INFINITE_RECURSION = YES;
				CLANG_WARN_INT_CONVERSION = YES;
				CLANG_WARN_NON_LITERAL_NULL_CONVERSION = YES;
				CLANG_WARN_OBJC_IMPLICIT_RETAIN_SELF = YES;
				CLANG_WARN_OBJC_LITERAL_CONVERSION = YES;
				CLANG_WARN_OBJC_ROOT_CLASS = YES_ERROR;
				CLANG_WARN_RANGE_LOOP_ANALYSIS = YES;
				CLANG_WARN_STRICT_PROTOTYPES = YES;
				CLANG_WARN_SUSPICIOUS_MOVE = YES;
				CLANG_WARN_UNGUARDED_AVAILABILITY = YES_AGGRESSIVE;
				CLANG_WARN_UNREACHABLE_CODE = YES;
				CLANG_WARN__DUPLICATE_METHOD_MATCH = YES;
				CODE_SIGN_IDENTITY = "iPhone Developer";
				COPY_PHASE_STRIP = NO;
				DEBUG_INFORMATION_FORMAT = "dwarf-with-dsym";
				ENABLE_NS_ASSERTIONS = NO;
				ENABLE_STRICT_OBJC_MSGSEND = YES;
				GCC_C_LANGUAGE_STANDARD = gnu11;
				GCC_NO_COMMON_BLOCKS = YES;
				GCC_WARN_64_TO_32_BIT_CONVERSION = YES;
				GCC_WARN_ABOUT_RETURN_TYPE = YES_ERROR;
				GCC_WARN_UNDECLARED_SELECTOR = YES;
				GCC_WARN_UNINITIALIZED_AUTOS = YES_AGGRESSIVE;
				GCC_WARN_UNUSED_FUNCTION = YES;
				GCC_WARN_UNUSED_VARIABLE = YES;
				IPHONEOS_DEPLOYMENT_TARGET = 12.2;
				MTL_ENABLE_DEBUG_INFO = NO;
				MTL_FAST_MATH = YES;
				SDKROOT = iphoneos;
				VALIDATE_PRODUCT = YES;
			};
			name = Release;
		};
		A51FB86E231F3DDA00D818A8 /* Debug */ = {
			isa = XCBuildConfiguration;
			baseConfigurationReference = 8EF50E17A6D7C96A811DE969 /* Pods-StudyOC.debug.xcconfig */;
			buildSettings = {
				ASSETCATALOG_COMPILER_APPICON_NAME = AppIcon;
				CODE_SIGN_IDENTITY = "iPhone Developer";
				CODE_SIGN_STYLE = Manual;
				DEVELOPMENT_TEAM = "";
				GCC_PREFIX_HEADER = "/Users/yanxuelvxing/Desktop/研学/StudyOC/StudyOC/Classes/Global/STPrefixHeader.pch";
				INFOPLIST_FILE = StudyOC/Info.plist;
				IPHONEOS_DEPLOYMENT_TARGET = 9.0;
				LD_RUNPATH_SEARCH_PATHS = (
					"$(inherited)",
					"@executable_path/Frameworks",
				);
				PRODUCT_BUNDLE_IDENTIFIER = com.dy.StudyOC;
				PRODUCT_NAME = "$(TARGET_NAME)";
				PROVISIONING_PROFILE_SPECIFIER = "";
				TARGETED_DEVICE_FAMILY = 1;
			};
			name = Debug;
		};
		A51FB86F231F3DDA00D818A8 /* Release */ = {
			isa = XCBuildConfiguration;
			baseConfigurationReference = A6BBE460DEA79AF3415BF643 /* Pods-StudyOC.release.xcconfig */;
			buildSettings = {
				ASSETCATALOG_COMPILER_APPICON_NAME = AppIcon;
				CODE_SIGN_IDENTITY = "iPhone Developer";
				CODE_SIGN_STYLE = Manual;
				DEVELOPMENT_TEAM = "";
				GCC_PREFIX_HEADER = "/Users/yanxuelvxing/Desktop/研学/StudyOC/StudyOC/Classes/Global/STPrefixHeader.pch";
				INFOPLIST_FILE = StudyOC/Info.plist;
				IPHONEOS_DEPLOYMENT_TARGET = 9.0;
				LD_RUNPATH_SEARCH_PATHS = (
					"$(inherited)",
					"@executable_path/Frameworks",
				);
				PRODUCT_BUNDLE_IDENTIFIER = com.dy.StudyOC;
				PRODUCT_NAME = "$(TARGET_NAME)";
				PROVISIONING_PROFILE_SPECIFIER = "";
				TARGETED_DEVICE_FAMILY = 1;
			};
			name = Release;
		};
/* End XCBuildConfiguration section */

/* Begin XCConfigurationList section */
		A51FB852231F3DD900D818A8 /* Build configuration list for PBXProject "StudyOC" */ = {
			isa = XCConfigurationList;
			buildConfigurations = (
				A51FB86B231F3DDA00D818A8 /* Debug */,
				A51FB86C231F3DDA00D818A8 /* Release */,
			);
			defaultConfigurationIsVisible = 0;
			defaultConfigurationName = Release;
		};
		A51FB86D231F3DDA00D818A8 /* Build configuration list for PBXNativeTarget "StudyOC" */ = {
			isa = XCConfigurationList;
			buildConfigurations = (
				A51FB86E231F3DDA00D818A8 /* Debug */,
				A51FB86F231F3DDA00D818A8 /* Release */,
			);
			defaultConfigurationIsVisible = 0;
			defaultConfigurationName = Release;
		};
/* End XCConfigurationList section */
	};
	rootObject = A51FB84F231F3DD900D818A8 /* Project object */;
}
